
Microsoft Visual Studio Solution File, Format Version 12.00
# Visual Studio Version 17
VisualStudioVersion = 17.0.31903.59
MinimumVisualStudioVersion = 10.0.40219.1
Project("{9A19103F-16F7-4668-BE54-9A1E7A4F7556}") = "MaSch.Core", "src\Core\MaSch.Core.csproj", "{9CCAC5C5-7DF2-48A8-B6BA-9B726CA53E17}"
EndProject
Project("{9A19103F-16F7-4668-BE54-9A1E7A4F7556}") = "MaSch.Console", "src\Console\MaSch.Console.csproj", "{88DA44BA-C343-4E4D-99D1-6D8450E76B67}"
EndProject
Project("{9A19103F-16F7-4668-BE54-9A1E7A4F7556}") = "MaSch.Console.Cli", "src\Console.Cli\MaSch.Console.Cli.csproj", "{42A5E89E-FD5A-4387-81E2-9BB2F0D8E239}"
EndProject
Project("{9A19103F-16F7-4668-BE54-9A1E7A4F7556}") = "MaSch.Core.DataAnnotation", "src\Core.DataAnnotation\MaSch.Core.DataAnnotation.csproj", "{0E10D339-2036-4AED-BC50-73A267A33D05}"
EndProject
Project("{9A19103F-16F7-4668-BE54-9A1E7A4F7556}") = "MaSch.Core.EventLogging", "src\Core.EventLogging\MaSch.Core.EventLogging.csproj", "{EE2D15F4-6D1F-4F2C-9CD9-78C65020C6DE}"
EndProject
Project("{9A19103F-16F7-4668-BE54-9A1E7A4F7556}") = "MaSch.Data", "src\Data\MaSch.Data.csproj", "{F4000BEE-F54A-4A93-B3E4-AE56FDE5B59B}"
EndProject
Project("{9A19103F-16F7-4668-BE54-9A1E7A4F7556}") = "MaSch.Generators", "src\Generators\MaSch.Generators.csproj", "{3411BC15-DE05-444C-B09C-110ED7312A30}"
EndProject
Project("{9A19103F-16F7-4668-BE54-9A1E7A4F7556}") = "MaSch.Native.Windows", "src\Native.Windows\MaSch.Native.Windows.csproj", "{1A5DF380-A312-40E7-BE0F-21D8DEF31A2D}"
EndProject
Project("{9A19103F-16F7-4668-BE54-9A1E7A4F7556}") = "MaSch.Presentation", "src\Presentation\MaSch.Presentation.csproj", "{E12E1760-3A26-4F87-86F1-A0003BFAC218}"
EndProject
Project("{2150E333-8FDC-42A3-9474-1A3956D46DE8}") = "Presentation", "Presentation", "{163194C2-04FF-4092-B1D1-A2055A374CAF}"
EndProject
Project("{2150E333-8FDC-42A3-9474-1A3956D46DE8}") = "Wpf", "Wpf", "{2BAF4FFD-22F1-4753-B033-5A5B4DE22D56}"
EndProject
Project("{9A19103F-16F7-4668-BE54-9A1E7A4F7556}") = "MaSch.Presentation.Wpf", "src\Presentation.Wpf\MaSch.Presentation.Wpf.csproj", "{FAB2A2D7-1852-4AFE-B219-6BDDEBFF6FD0}"
EndProject
Project("{9A19103F-16F7-4668-BE54-9A1E7A4F7556}") = "MaSch.Presentation.Wpf.Controls", "src\Presentation.Wpf.Controls\MaSch.Presentation.Wpf.Controls.csproj", "{8D2177D6-731E-4965-AD9F-2223BE24A7B9}"
EndProject
Project("{9A19103F-16F7-4668-BE54-9A1E7A4F7556}") = "MaSch.Presentation.Wpf.MaterialDesign", "src\Presentation.Wpf.MaterialDesign\MaSch.Presentation.Wpf.MaterialDesign.csproj", "{FECF047C-DA65-4523-BB52-AA1AFA28D0D9}"
EndProject
Project("{9A19103F-16F7-4668-BE54-9A1E7A4F7556}") = "MaSch.Presentation.Wpf.Prism", "src\Presentation.Wpf.Prism\MaSch.Presentation.Wpf.Prism.csproj", "{CCE94632-D39E-4571-A17C-F501B6FDAADD}"
EndProject
Project("{9A19103F-16F7-4668-BE54-9A1E7A4F7556}") = "MaSch.Presentation.Wpf.Themes", "src\Presentation.Wpf.Themes\MaSch.Presentation.Wpf.Themes.csproj", "{71CBC9C3-3016-4F45-AFD3-10DE457175FB}"
EndProject
Project("{9A19103F-16F7-4668-BE54-9A1E7A4F7556}") = "MaSch.Presentation.Wpf.Win10", "src\Presentation.Wpf.Win10\MaSch.Presentation.Wpf.Win10.csproj", "{B4E79911-96B1-4165-B111-151C6691D59A}"
EndProject
Project("{2150E333-8FDC-42A3-9474-1A3956D46DE8}") = "T4", "T4", "{6BD2E163-C4E4-4071-979D-6E1162B69A73}"
	ProjectSection(SolutionItems) = preProject
		src\T4\T4Common.ttinclude = src\T4\T4Common.ttinclude
	EndProjectSection
EndProject
Project("{2150E333-8FDC-42A3-9474-1A3956D46DE8}") = "Test", "Test", "{243E5404-2E6F-4FEA-86B7-96FC4338F505}"
EndProject
Project("{2150E333-8FDC-42A3-9474-1A3956D46DE8}") = "build", "build", "{703BC87F-2F71-454A-93BA-014D78DF88C2}"
	ProjectSection(SolutionItems) = preProject
		build\build.yml = build\build.yml
		build\Constants.props = build\Constants.props
		build\GlobalUsings.props = build\GlobalUsings.props
		build\MaSch.ruleset = build\MaSch.ruleset
		build\MaSch.Tests.ruleset = build\MaSch.Tests.ruleset
		build\stylecop.json = build\stylecop.json
	EndProjectSection
EndProject
Project("{9A19103F-16F7-4668-BE54-9A1E7A4F7556}") = "MaSch.Presentation.DataAnnotation", "src\Presentation.DataAnnotation\MaSch.Presentation.DataAnnotation.csproj", "{9677ED2A-2A91-43CD-8735-3760D915EA54}"
EndProject
Project("{9A19103F-16F7-4668-BE54-9A1E7A4F7556}") = "MaSch.Presentation.Wpf.DataAnnotation", "src\Presentation.Wpf.DataAnnotation\MaSch.Presentation.Wpf.DataAnnotation.csproj", "{AD1F1226-CDFD-43CF-A678-E7C073A2C6A4}"
EndProject
Project("{2150E333-8FDC-42A3-9474-1A3956D46DE8}") = "Avalonia", "Avalonia", "{EBF94752-B1EF-482F-A496-6F18ED991398}"
EndProject
Project("{9A19103F-16F7-4668-BE54-9A1E7A4F7556}") = "MaSch.Presentation.Avalonia", "src\Presentation.Avalonia\MaSch.Presentation.Avalonia.csproj", "{88976614-D7F2-4835-8E70-6D76185C5D21}"
EndProject
Project("{9A19103F-16F7-4668-BE54-9A1E7A4F7556}") = "MaSch.Test.Assertion", "src\Test.Assertion\MaSch.Test.Assertion.csproj", "{0E29C852-36AE-4030-856C-F310F33312BE}"
EndProject
Project("{9A19103F-16F7-4668-BE54-9A1E7A4F7556}") = "MaSch.Test.Assertion.MSTest", "src\Test.Assertion.MSTest\MaSch.Test.Assertion.MSTest.csproj", "{25F3E7FA-4AE0-40E8-AB27-3B1513DCC330}"
EndProject
Project("{9A19103F-16F7-4668-BE54-9A1E7A4F7556}") = "MaSch.Test.MSTest", "src\Test.MSTest\MaSch.Test.MSTest.csproj", "{BC040AD2-91FA-4027-B4B4-79A883D59DE6}"
EndProject
Project("{2150E333-8FDC-42A3-9474-1A3956D46DE8}") = "UnitTests", "UnitTests", "{4A43C5D5-B6C0-42DF-9DE7-17FC01D927FF}"
EndProject
Project("{9A19103F-16F7-4668-BE54-9A1E7A4F7556}") = "MaSch.Test", "src\Test\MaSch.Test.csproj", "{F32A270D-DE61-4970-AFC0-FB125721E025}"
EndProject
Project("{2150E333-8FDC-42A3-9474-1A3956D46DE8}") = "MSTest", "MSTest", "{9CCBAC4E-5BAF-4D79-9322-939489230720}"
EndProject
Project("{2150E333-8FDC-42A3-9474-1A3956D46DE8}") = "Test", "Test", "{58FA79F9-7163-4B5E-8838-86C5800A08B7}"
EndProject
Project("{9A19103F-16F7-4668-BE54-9A1E7A4F7556}") = "MaSch.Console.Cli.UnitTests", "test\Console.Cli.UnitTests\MaSch.Console.Cli.UnitTests.csproj", "{D23CDD80-67C5-4DD7-A271-256ABEEC9455}"
EndProject
Project("{9A19103F-16F7-4668-BE54-9A1E7A4F7556}") = "MaSch.Console.UnitTests", "test\Console.UnitTests\MaSch.Console.UnitTests.csproj", "{C8DC9D14-3B51-4CB8-9077-A62F39039DCB}"
EndProject
Project("{9A19103F-16F7-4668-BE54-9A1E7A4F7556}") = "MaSch.Core.UnitTests", "test\Core.UnitTests\MaSch.Core.UnitTests.csproj", "{991D5B0A-2F6A-4C23-9DB7-348EE72FB1FA}"
EndProject
Project("{9A19103F-16F7-4668-BE54-9A1E7A4F7556}") = "MaSch.Presentation.Wpf.Themes.UnitTests", "test\Presentation.Wpf.Themes.UnitTests\MaSch.Presentation.Wpf.Themes.UnitTests.csproj", "{021FD905-ADBB-4CFA-BDA5-DF37D07E3067}"
EndProject
Project("{9A19103F-16F7-4668-BE54-9A1E7A4F7556}") = "MaSch.Test.UnitTests", "test\Test.UnitTests\MaSch.Test.UnitTests.csproj", "{D42B3C85-70F5-4B31-9E57-672DE8F9ECDD}"
EndProject
Project("{9A19103F-16F7-4668-BE54-9A1E7A4F7556}") = "MaSch.Test.MSTest.UnitTests", "test\Test.MSTest.UnitTests\MaSch.Test.MSTest.UnitTests.csproj", "{BF822F8B-A217-4693-B992-FD2AD35D5439}"
EndProject
Project("{9A19103F-16F7-4668-BE54-9A1E7A4F7556}") = "MaSch.Test.Assertion.UnitTests", "test\Test.Assertion.UnitTests\MaSch.Test.Assertion.UnitTests.csproj", "{03AFBC0F-6B9B-4BF8-B9E0-A7AA26DFDF40}"
EndProject
Project("{9A19103F-16F7-4668-BE54-9A1E7A4F7556}") = "MaSch.Test.Assertion.MSTest.UnitTests", "test\Test.Assertion.MSTest.UnitTests\MaSch.Test.Assertion.MSTest.UnitTests.csproj", "{5CB2D0EE-EFD2-4C8C-89F4-4303A603EAEE}"
EndProject
Project("{2150E333-8FDC-42A3-9474-1A3956D46DE8}") = "MSTest", "MSTest", "{80618842-C8F6-4333-9F0F-2156ECDF6B7A}"
EndProject
Project("{2150E333-8FDC-42A3-9474-1A3956D46DE8}") = "Solution Items", "Solution Items", "{9698B67B-2D95-451F-A50D-BC0A8E27A1AE}"
	ProjectSection(SolutionItems) = preProject
		.editorconfig = .editorconfig
		Directory.Build.props = Directory.Build.props
		Directory.Build.targets = Directory.Build.targets
		Packages.props = Packages.props
	EndProjectSection
EndProject
Project("{2150E333-8FDC-42A3-9474-1A3956D46DE8}") = "test", "test", "{1DAB73F0-1233-4AF1-A5E9-953569AE68E4}"
	ProjectSection(SolutionItems) = preProject
		test\Directory.Build.props = test\Directory.Build.props
	EndProjectSection
EndProject
Project("{9A19103F-16F7-4668-BE54-9A1E7A4F7556}") = "MaSch.FileSystem", "src\FileSystem\MaSch.FileSystem.csproj", "{8219B7F8-0582-4024-8E78-E17441664ACA}"
EndProject
Project("{9A19103F-16F7-4668-BE54-9A1E7A4F7556}") = "MaSch.FileSystem.UnitTests", "test\FileSystem.UnitTests\MaSch.FileSystem.UnitTests.csproj", "{6A8118F7-685C-4C84-8384-D2CEAC8E440C}"
EndProject
Project("{9A19103F-16F7-4668-BE54-9A1E7A4F7556}") = "MaSch.FileSystem.Test", "src\FileSystem.Test\MaSch.FileSystem.Test.csproj", "{9F53CADA-4A99-4DB7-88D4-D2D41663A539}"
EndProject
Project("{9A19103F-16F7-4668-BE54-9A1E7A4F7556}") = "MaSch.FileSystem.Test.MSTest", "src\FileSystem.Test.MSTest\MaSch.FileSystem.Test.MSTest.csproj", "{043355F3-D944-4798-BCE0-23D6CEA62A69}"
EndProject
Global
	GlobalSection(SolutionConfigurationPlatforms) = preSolution
		Debug|Any CPU = Debug|Any CPU
		Debug|x64 = Debug|x64
		Debug|x86 = Debug|x86
		Release|Any CPU = Release|Any CPU
		Release|x64 = Release|x64
		Release|x86 = Release|x86
	EndGlobalSection
	GlobalSection(ProjectConfigurationPlatforms) = postSolution
		{9CCAC5C5-7DF2-48A8-B6BA-9B726CA53E17}.Debug|Any CPU.ActiveCfg = Debug|Any CPU
		{9CCAC5C5-7DF2-48A8-B6BA-9B726CA53E17}.Debug|Any CPU.Build.0 = Debug|Any CPU
		{9CCAC5C5-7DF2-48A8-B6BA-9B726CA53E17}.Debug|x64.ActiveCfg = Debug|x64
		{9CCAC5C5-7DF2-48A8-B6BA-9B726CA53E17}.Debug|x64.Build.0 = Debug|x64
		{9CCAC5C5-7DF2-48A8-B6BA-9B726CA53E17}.Debug|x86.ActiveCfg = Debug|x86
		{9CCAC5C5-7DF2-48A8-B6BA-9B726CA53E17}.Debug|x86.Build.0 = Debug|x86
		{9CCAC5C5-7DF2-48A8-B6BA-9B726CA53E17}.Release|Any CPU.ActiveCfg = Release|Any CPU
		{9CCAC5C5-7DF2-48A8-B6BA-9B726CA53E17}.Release|Any CPU.Build.0 = Release|Any CPU
		{9CCAC5C5-7DF2-48A8-B6BA-9B726CA53E17}.Release|x64.ActiveCfg = Release|x64
		{9CCAC5C5-7DF2-48A8-B6BA-9B726CA53E17}.Release|x64.Build.0 = Release|x64
		{9CCAC5C5-7DF2-48A8-B6BA-9B726CA53E17}.Release|x86.ActiveCfg = Release|x86
		{9CCAC5C5-7DF2-48A8-B6BA-9B726CA53E17}.Release|x86.Build.0 = Release|x86
		{88DA44BA-C343-4E4D-99D1-6D8450E76B67}.Debug|Any CPU.ActiveCfg = Debug|Any CPU
		{88DA44BA-C343-4E4D-99D1-6D8450E76B67}.Debug|Any CPU.Build.0 = Debug|Any CPU
		{88DA44BA-C343-4E4D-99D1-6D8450E76B67}.Debug|x64.ActiveCfg = Debug|Any CPU
		{88DA44BA-C343-4E4D-99D1-6D8450E76B67}.Debug|x64.Build.0 = Debug|Any CPU
		{88DA44BA-C343-4E4D-99D1-6D8450E76B67}.Debug|x86.ActiveCfg = Debug|Any CPU
		{88DA44BA-C343-4E4D-99D1-6D8450E76B67}.Debug|x86.Build.0 = Debug|Any CPU
		{88DA44BA-C343-4E4D-99D1-6D8450E76B67}.Release|Any CPU.ActiveCfg = Release|Any CPU
		{88DA44BA-C343-4E4D-99D1-6D8450E76B67}.Release|Any CPU.Build.0 = Release|Any CPU
		{88DA44BA-C343-4E4D-99D1-6D8450E76B67}.Release|x64.ActiveCfg = Release|Any CPU
		{88DA44BA-C343-4E4D-99D1-6D8450E76B67}.Release|x64.Build.0 = Release|Any CPU
		{88DA44BA-C343-4E4D-99D1-6D8450E76B67}.Release|x86.ActiveCfg = Release|Any CPU
		{88DA44BA-C343-4E4D-99D1-6D8450E76B67}.Release|x86.Build.0 = Release|Any CPU
		{42A5E89E-FD5A-4387-81E2-9BB2F0D8E239}.Debug|Any CPU.ActiveCfg = Debug|Any CPU
		{42A5E89E-FD5A-4387-81E2-9BB2F0D8E239}.Debug|Any CPU.Build.0 = Debug|Any CPU
		{42A5E89E-FD5A-4387-81E2-9BB2F0D8E239}.Debug|x64.ActiveCfg = Debug|Any CPU
		{42A5E89E-FD5A-4387-81E2-9BB2F0D8E239}.Debug|x64.Build.0 = Debug|Any CPU
		{42A5E89E-FD5A-4387-81E2-9BB2F0D8E239}.Debug|x86.ActiveCfg = Debug|Any CPU
		{42A5E89E-FD5A-4387-81E2-9BB2F0D8E239}.Debug|x86.Build.0 = Debug|Any CPU
		{42A5E89E-FD5A-4387-81E2-9BB2F0D8E239}.Release|Any CPU.ActiveCfg = Release|Any CPU
		{42A5E89E-FD5A-4387-81E2-9BB2F0D8E239}.Release|Any CPU.Build.0 = Release|Any CPU
		{42A5E89E-FD5A-4387-81E2-9BB2F0D8E239}.Release|x64.ActiveCfg = Release|Any CPU
		{42A5E89E-FD5A-4387-81E2-9BB2F0D8E239}.Release|x64.Build.0 = Release|Any CPU
		{42A5E89E-FD5A-4387-81E2-9BB2F0D8E239}.Release|x86.ActiveCfg = Release|Any CPU
		{42A5E89E-FD5A-4387-81E2-9BB2F0D8E239}.Release|x86.Build.0 = Release|Any CPU
		{0E10D339-2036-4AED-BC50-73A267A33D05}.Debug|Any CPU.ActiveCfg = Debug|Any CPU
		{0E10D339-2036-4AED-BC50-73A267A33D05}.Debug|Any CPU.Build.0 = Debug|Any CPU
		{0E10D339-2036-4AED-BC50-73A267A33D05}.Debug|x64.ActiveCfg = Debug|x64
		{0E10D339-2036-4AED-BC50-73A267A33D05}.Debug|x64.Build.0 = Debug|x64
		{0E10D339-2036-4AED-BC50-73A267A33D05}.Debug|x86.ActiveCfg = Debug|x86
		{0E10D339-2036-4AED-BC50-73A267A33D05}.Debug|x86.Build.0 = Debug|x86
		{0E10D339-2036-4AED-BC50-73A267A33D05}.Release|Any CPU.ActiveCfg = Release|Any CPU
		{0E10D339-2036-4AED-BC50-73A267A33D05}.Release|Any CPU.Build.0 = Release|Any CPU
		{0E10D339-2036-4AED-BC50-73A267A33D05}.Release|x64.ActiveCfg = Release|x64
		{0E10D339-2036-4AED-BC50-73A267A33D05}.Release|x64.Build.0 = Release|x64
		{0E10D339-2036-4AED-BC50-73A267A33D05}.Release|x86.ActiveCfg = Release|x86
		{0E10D339-2036-4AED-BC50-73A267A33D05}.Release|x86.Build.0 = Release|x86
		{EE2D15F4-6D1F-4F2C-9CD9-78C65020C6DE}.Debug|Any CPU.ActiveCfg = Debug|Any CPU
		{EE2D15F4-6D1F-4F2C-9CD9-78C65020C6DE}.Debug|Any CPU.Build.0 = Debug|Any CPU
		{EE2D15F4-6D1F-4F2C-9CD9-78C65020C6DE}.Debug|x64.ActiveCfg = Debug|Any CPU
		{EE2D15F4-6D1F-4F2C-9CD9-78C65020C6DE}.Debug|x64.Build.0 = Debug|Any CPU
		{EE2D15F4-6D1F-4F2C-9CD9-78C65020C6DE}.Debug|x86.ActiveCfg = Debug|Any CPU
		{EE2D15F4-6D1F-4F2C-9CD9-78C65020C6DE}.Debug|x86.Build.0 = Debug|Any CPU
		{EE2D15F4-6D1F-4F2C-9CD9-78C65020C6DE}.Release|Any CPU.ActiveCfg = Release|Any CPU
		{EE2D15F4-6D1F-4F2C-9CD9-78C65020C6DE}.Release|Any CPU.Build.0 = Release|Any CPU
		{EE2D15F4-6D1F-4F2C-9CD9-78C65020C6DE}.Release|x64.ActiveCfg = Release|Any CPU
		{EE2D15F4-6D1F-4F2C-9CD9-78C65020C6DE}.Release|x64.Build.0 = Release|Any CPU
		{EE2D15F4-6D1F-4F2C-9CD9-78C65020C6DE}.Release|x86.ActiveCfg = Release|Any CPU
		{EE2D15F4-6D1F-4F2C-9CD9-78C65020C6DE}.Release|x86.Build.0 = Release|Any CPU
		{F4000BEE-F54A-4A93-B3E4-AE56FDE5B59B}.Debug|Any CPU.ActiveCfg = Debug|Any CPU
		{F4000BEE-F54A-4A93-B3E4-AE56FDE5B59B}.Debug|Any CPU.Build.0 = Debug|Any CPU
		{F4000BEE-F54A-4A93-B3E4-AE56FDE5B59B}.Debug|x64.ActiveCfg = Debug|Any CPU
		{F4000BEE-F54A-4A93-B3E4-AE56FDE5B59B}.Debug|x64.Build.0 = Debug|Any CPU
		{F4000BEE-F54A-4A93-B3E4-AE56FDE5B59B}.Debug|x86.ActiveCfg = Debug|Any CPU
		{F4000BEE-F54A-4A93-B3E4-AE56FDE5B59B}.Debug|x86.Build.0 = Debug|Any CPU
		{F4000BEE-F54A-4A93-B3E4-AE56FDE5B59B}.Release|Any CPU.ActiveCfg = Release|Any CPU
		{F4000BEE-F54A-4A93-B3E4-AE56FDE5B59B}.Release|Any CPU.Build.0 = Release|Any CPU
		{F4000BEE-F54A-4A93-B3E4-AE56FDE5B59B}.Release|x64.ActiveCfg = Release|Any CPU
		{F4000BEE-F54A-4A93-B3E4-AE56FDE5B59B}.Release|x64.Build.0 = Release|Any CPU
		{F4000BEE-F54A-4A93-B3E4-AE56FDE5B59B}.Release|x86.ActiveCfg = Release|Any CPU
		{F4000BEE-F54A-4A93-B3E4-AE56FDE5B59B}.Release|x86.Build.0 = Release|Any CPU
		{3411BC15-DE05-444C-B09C-110ED7312A30}.Debug|Any CPU.ActiveCfg = Debug|Any CPU
		{3411BC15-DE05-444C-B09C-110ED7312A30}.Debug|Any CPU.Build.0 = Debug|Any CPU
		{3411BC15-DE05-444C-B09C-110ED7312A30}.Debug|x64.ActiveCfg = Debug|x64
		{3411BC15-DE05-444C-B09C-110ED7312A30}.Debug|x64.Build.0 = Debug|x64
		{3411BC15-DE05-444C-B09C-110ED7312A30}.Debug|x86.ActiveCfg = Debug|x86
		{3411BC15-DE05-444C-B09C-110ED7312A30}.Debug|x86.Build.0 = Debug|x86
		{3411BC15-DE05-444C-B09C-110ED7312A30}.Release|Any CPU.ActiveCfg = Release|Any CPU
		{3411BC15-DE05-444C-B09C-110ED7312A30}.Release|Any CPU.Build.0 = Release|Any CPU
		{3411BC15-DE05-444C-B09C-110ED7312A30}.Release|x64.ActiveCfg = Release|x64
		{3411BC15-DE05-444C-B09C-110ED7312A30}.Release|x64.Build.0 = Release|x64
		{3411BC15-DE05-444C-B09C-110ED7312A30}.Release|x86.ActiveCfg = Release|x86
		{3411BC15-DE05-444C-B09C-110ED7312A30}.Release|x86.Build.0 = Release|x86
		{1A5DF380-A312-40E7-BE0F-21D8DEF31A2D}.Debug|Any CPU.ActiveCfg = Debug|Any CPU
		{1A5DF380-A312-40E7-BE0F-21D8DEF31A2D}.Debug|Any CPU.Build.0 = Debug|Any CPU
		{1A5DF380-A312-40E7-BE0F-21D8DEF31A2D}.Debug|x64.ActiveCfg = Debug|Any CPU
		{1A5DF380-A312-40E7-BE0F-21D8DEF31A2D}.Debug|x64.Build.0 = Debug|Any CPU
		{1A5DF380-A312-40E7-BE0F-21D8DEF31A2D}.Debug|x86.ActiveCfg = Debug|Any CPU
		{1A5DF380-A312-40E7-BE0F-21D8DEF31A2D}.Debug|x86.Build.0 = Debug|Any CPU
		{1A5DF380-A312-40E7-BE0F-21D8DEF31A2D}.Release|Any CPU.ActiveCfg = Release|Any CPU
		{1A5DF380-A312-40E7-BE0F-21D8DEF31A2D}.Release|Any CPU.Build.0 = Release|Any CPU
		{1A5DF380-A312-40E7-BE0F-21D8DEF31A2D}.Release|x64.ActiveCfg = Release|Any CPU
		{1A5DF380-A312-40E7-BE0F-21D8DEF31A2D}.Release|x64.Build.0 = Release|Any CPU
		{1A5DF380-A312-40E7-BE0F-21D8DEF31A2D}.Release|x86.ActiveCfg = Release|Any CPU
		{1A5DF380-A312-40E7-BE0F-21D8DEF31A2D}.Release|x86.Build.0 = Release|Any CPU
		{E12E1760-3A26-4F87-86F1-A0003BFAC218}.Debug|Any CPU.ActiveCfg = Debug|Any CPU
		{E12E1760-3A26-4F87-86F1-A0003BFAC218}.Debug|Any CPU.Build.0 = Debug|Any CPU
		{E12E1760-3A26-4F87-86F1-A0003BFAC218}.Debug|x64.ActiveCfg = Debug|x64
		{E12E1760-3A26-4F87-86F1-A0003BFAC218}.Debug|x64.Build.0 = Debug|x64
		{E12E1760-3A26-4F87-86F1-A0003BFAC218}.Debug|x86.ActiveCfg = Debug|x86
		{E12E1760-3A26-4F87-86F1-A0003BFAC218}.Debug|x86.Build.0 = Debug|x86
		{E12E1760-3A26-4F87-86F1-A0003BFAC218}.Release|Any CPU.ActiveCfg = Release|Any CPU
		{E12E1760-3A26-4F87-86F1-A0003BFAC218}.Release|Any CPU.Build.0 = Release|Any CPU
		{E12E1760-3A26-4F87-86F1-A0003BFAC218}.Release|x64.ActiveCfg = Release|x64
		{E12E1760-3A26-4F87-86F1-A0003BFAC218}.Release|x64.Build.0 = Release|x64
		{E12E1760-3A26-4F87-86F1-A0003BFAC218}.Release|x86.ActiveCfg = Release|x86
		{E12E1760-3A26-4F87-86F1-A0003BFAC218}.Release|x86.Build.0 = Release|x86
		{FAB2A2D7-1852-4AFE-B219-6BDDEBFF6FD0}.Debug|Any CPU.ActiveCfg = Debug|Any CPU
		{FAB2A2D7-1852-4AFE-B219-6BDDEBFF6FD0}.Debug|Any CPU.Build.0 = Debug|Any CPU
		{FAB2A2D7-1852-4AFE-B219-6BDDEBFF6FD0}.Debug|x64.ActiveCfg = Debug|x64
		{FAB2A2D7-1852-4AFE-B219-6BDDEBFF6FD0}.Debug|x64.Build.0 = Debug|x64
		{FAB2A2D7-1852-4AFE-B219-6BDDEBFF6FD0}.Debug|x86.ActiveCfg = Debug|x86
		{FAB2A2D7-1852-4AFE-B219-6BDDEBFF6FD0}.Debug|x86.Build.0 = Debug|x86
		{FAB2A2D7-1852-4AFE-B219-6BDDEBFF6FD0}.Release|Any CPU.ActiveCfg = Release|Any CPU
		{FAB2A2D7-1852-4AFE-B219-6BDDEBFF6FD0}.Release|Any CPU.Build.0 = Release|Any CPU
		{FAB2A2D7-1852-4AFE-B219-6BDDEBFF6FD0}.Release|x64.ActiveCfg = Release|x64
		{FAB2A2D7-1852-4AFE-B219-6BDDEBFF6FD0}.Release|x64.Build.0 = Release|x64
		{FAB2A2D7-1852-4AFE-B219-6BDDEBFF6FD0}.Release|x86.ActiveCfg = Release|x86
		{FAB2A2D7-1852-4AFE-B219-6BDDEBFF6FD0}.Release|x86.Build.0 = Release|x86
		{8D2177D6-731E-4965-AD9F-2223BE24A7B9}.Debug|Any CPU.ActiveCfg = Debug|Any CPU
		{8D2177D6-731E-4965-AD9F-2223BE24A7B9}.Debug|Any CPU.Build.0 = Debug|Any CPU
		{8D2177D6-731E-4965-AD9F-2223BE24A7B9}.Debug|x64.ActiveCfg = Debug|x64
		{8D2177D6-731E-4965-AD9F-2223BE24A7B9}.Debug|x64.Build.0 = Debug|x64
		{8D2177D6-731E-4965-AD9F-2223BE24A7B9}.Debug|x86.ActiveCfg = Debug|x86
		{8D2177D6-731E-4965-AD9F-2223BE24A7B9}.Debug|x86.Build.0 = Debug|x86
		{8D2177D6-731E-4965-AD9F-2223BE24A7B9}.Release|Any CPU.ActiveCfg = Release|Any CPU
		{8D2177D6-731E-4965-AD9F-2223BE24A7B9}.Release|Any CPU.Build.0 = Release|Any CPU
		{8D2177D6-731E-4965-AD9F-2223BE24A7B9}.Release|x64.ActiveCfg = Release|x64
		{8D2177D6-731E-4965-AD9F-2223BE24A7B9}.Release|x64.Build.0 = Release|x64
		{8D2177D6-731E-4965-AD9F-2223BE24A7B9}.Release|x86.ActiveCfg = Release|x86
		{8D2177D6-731E-4965-AD9F-2223BE24A7B9}.Release|x86.Build.0 = Release|x86
		{FECF047C-DA65-4523-BB52-AA1AFA28D0D9}.Debug|Any CPU.ActiveCfg = Debug|Any CPU
		{FECF047C-DA65-4523-BB52-AA1AFA28D0D9}.Debug|Any CPU.Build.0 = Debug|Any CPU
		{FECF047C-DA65-4523-BB52-AA1AFA28D0D9}.Debug|x64.ActiveCfg = Debug|x64
		{FECF047C-DA65-4523-BB52-AA1AFA28D0D9}.Debug|x64.Build.0 = Debug|x64
		{FECF047C-DA65-4523-BB52-AA1AFA28D0D9}.Debug|x86.ActiveCfg = Debug|x86
		{FECF047C-DA65-4523-BB52-AA1AFA28D0D9}.Debug|x86.Build.0 = Debug|x86
		{FECF047C-DA65-4523-BB52-AA1AFA28D0D9}.Release|Any CPU.ActiveCfg = Release|Any CPU
		{FECF047C-DA65-4523-BB52-AA1AFA28D0D9}.Release|Any CPU.Build.0 = Release|Any CPU
		{FECF047C-DA65-4523-BB52-AA1AFA28D0D9}.Release|x64.ActiveCfg = Release|x64
		{FECF047C-DA65-4523-BB52-AA1AFA28D0D9}.Release|x64.Build.0 = Release|x64
		{FECF047C-DA65-4523-BB52-AA1AFA28D0D9}.Release|x86.ActiveCfg = Release|x86
		{FECF047C-DA65-4523-BB52-AA1AFA28D0D9}.Release|x86.Build.0 = Release|x86
		{CCE94632-D39E-4571-A17C-F501B6FDAADD}.Debug|Any CPU.ActiveCfg = Debug|Any CPU
		{CCE94632-D39E-4571-A17C-F501B6FDAADD}.Debug|Any CPU.Build.0 = Debug|Any CPU
		{CCE94632-D39E-4571-A17C-F501B6FDAADD}.Debug|x64.ActiveCfg = Debug|Any CPU
		{CCE94632-D39E-4571-A17C-F501B6FDAADD}.Debug|x64.Build.0 = Debug|Any CPU
		{CCE94632-D39E-4571-A17C-F501B6FDAADD}.Debug|x86.ActiveCfg = Debug|Any CPU
		{CCE94632-D39E-4571-A17C-F501B6FDAADD}.Debug|x86.Build.0 = Debug|Any CPU
		{CCE94632-D39E-4571-A17C-F501B6FDAADD}.Release|Any CPU.ActiveCfg = Release|Any CPU
		{CCE94632-D39E-4571-A17C-F501B6FDAADD}.Release|Any CPU.Build.0 = Release|Any CPU
		{CCE94632-D39E-4571-A17C-F501B6FDAADD}.Release|x64.ActiveCfg = Release|Any CPU
		{CCE94632-D39E-4571-A17C-F501B6FDAADD}.Release|x64.Build.0 = Release|Any CPU
		{CCE94632-D39E-4571-A17C-F501B6FDAADD}.Release|x86.ActiveCfg = Release|Any CPU
		{CCE94632-D39E-4571-A17C-F501B6FDAADD}.Release|x86.Build.0 = Release|Any CPU
		{71CBC9C3-3016-4F45-AFD3-10DE457175FB}.Debug|Any CPU.ActiveCfg = Debug|Any CPU
		{71CBC9C3-3016-4F45-AFD3-10DE457175FB}.Debug|Any CPU.Build.0 = Debug|Any CPU
		{71CBC9C3-3016-4F45-AFD3-10DE457175FB}.Debug|x64.ActiveCfg = Debug|x64
		{71CBC9C3-3016-4F45-AFD3-10DE457175FB}.Debug|x64.Build.0 = Debug|x64
		{71CBC9C3-3016-4F45-AFD3-10DE457175FB}.Debug|x86.ActiveCfg = Debug|x86
		{71CBC9C3-3016-4F45-AFD3-10DE457175FB}.Debug|x86.Build.0 = Debug|x86
		{71CBC9C3-3016-4F45-AFD3-10DE457175FB}.Release|Any CPU.ActiveCfg = Release|Any CPU
		{71CBC9C3-3016-4F45-AFD3-10DE457175FB}.Release|Any CPU.Build.0 = Release|Any CPU
		{71CBC9C3-3016-4F45-AFD3-10DE457175FB}.Release|x64.ActiveCfg = Release|x64
		{71CBC9C3-3016-4F45-AFD3-10DE457175FB}.Release|x64.Build.0 = Release|x64
		{71CBC9C3-3016-4F45-AFD3-10DE457175FB}.Release|x86.ActiveCfg = Release|x86
		{71CBC9C3-3016-4F45-AFD3-10DE457175FB}.Release|x86.Build.0 = Release|x86
		{B4E79911-96B1-4165-B111-151C6691D59A}.Debug|Any CPU.ActiveCfg = Debug|Any CPU
		{B4E79911-96B1-4165-B111-151C6691D59A}.Debug|Any CPU.Build.0 = Debug|Any CPU
		{B4E79911-96B1-4165-B111-151C6691D59A}.Debug|x64.ActiveCfg = Debug|Any CPU
		{B4E79911-96B1-4165-B111-151C6691D59A}.Debug|x64.Build.0 = Debug|Any CPU
		{B4E79911-96B1-4165-B111-151C6691D59A}.Debug|x86.ActiveCfg = Debug|Any CPU
		{B4E79911-96B1-4165-B111-151C6691D59A}.Debug|x86.Build.0 = Debug|Any CPU
		{B4E79911-96B1-4165-B111-151C6691D59A}.Release|Any CPU.ActiveCfg = Release|Any CPU
		{B4E79911-96B1-4165-B111-151C6691D59A}.Release|Any CPU.Build.0 = Release|Any CPU
		{B4E79911-96B1-4165-B111-151C6691D59A}.Release|x64.ActiveCfg = Release|Any CPU
		{B4E79911-96B1-4165-B111-151C6691D59A}.Release|x64.Build.0 = Release|Any CPU
		{B4E79911-96B1-4165-B111-151C6691D59A}.Release|x86.ActiveCfg = Release|Any CPU
		{B4E79911-96B1-4165-B111-151C6691D59A}.Release|x86.Build.0 = Release|Any CPU
		{9677ED2A-2A91-43CD-8735-3760D915EA54}.Debug|Any CPU.ActiveCfg = Debug|Any CPU
		{9677ED2A-2A91-43CD-8735-3760D915EA54}.Debug|Any CPU.Build.0 = Debug|Any CPU
		{9677ED2A-2A91-43CD-8735-3760D915EA54}.Debug|x64.ActiveCfg = Debug|Any CPU
		{9677ED2A-2A91-43CD-8735-3760D915EA54}.Debug|x64.Build.0 = Debug|Any CPU
		{9677ED2A-2A91-43CD-8735-3760D915EA54}.Debug|x86.ActiveCfg = Debug|Any CPU
		{9677ED2A-2A91-43CD-8735-3760D915EA54}.Debug|x86.Build.0 = Debug|Any CPU
		{9677ED2A-2A91-43CD-8735-3760D915EA54}.Release|Any CPU.ActiveCfg = Release|Any CPU
		{9677ED2A-2A91-43CD-8735-3760D915EA54}.Release|Any CPU.Build.0 = Release|Any CPU
		{9677ED2A-2A91-43CD-8735-3760D915EA54}.Release|x64.ActiveCfg = Release|Any CPU
		{9677ED2A-2A91-43CD-8735-3760D915EA54}.Release|x64.Build.0 = Release|Any CPU
		{9677ED2A-2A91-43CD-8735-3760D915EA54}.Release|x86.ActiveCfg = Release|Any CPU
		{9677ED2A-2A91-43CD-8735-3760D915EA54}.Release|x86.Build.0 = Release|Any CPU
		{AD1F1226-CDFD-43CF-A678-E7C073A2C6A4}.Debug|Any CPU.ActiveCfg = Debug|Any CPU
		{AD1F1226-CDFD-43CF-A678-E7C073A2C6A4}.Debug|Any CPU.Build.0 = Debug|Any CPU
		{AD1F1226-CDFD-43CF-A678-E7C073A2C6A4}.Debug|x64.ActiveCfg = Debug|Any CPU
		{AD1F1226-CDFD-43CF-A678-E7C073A2C6A4}.Debug|x64.Build.0 = Debug|Any CPU
		{AD1F1226-CDFD-43CF-A678-E7C073A2C6A4}.Debug|x86.ActiveCfg = Debug|Any CPU
		{AD1F1226-CDFD-43CF-A678-E7C073A2C6A4}.Debug|x86.Build.0 = Debug|Any CPU
		{AD1F1226-CDFD-43CF-A678-E7C073A2C6A4}.Release|Any CPU.ActiveCfg = Release|Any CPU
		{AD1F1226-CDFD-43CF-A678-E7C073A2C6A4}.Release|Any CPU.Build.0 = Release|Any CPU
		{AD1F1226-CDFD-43CF-A678-E7C073A2C6A4}.Release|x64.ActiveCfg = Release|Any CPU
		{AD1F1226-CDFD-43CF-A678-E7C073A2C6A4}.Release|x64.Build.0 = Release|Any CPU
		{AD1F1226-CDFD-43CF-A678-E7C073A2C6A4}.Release|x86.ActiveCfg = Release|Any CPU
		{AD1F1226-CDFD-43CF-A678-E7C073A2C6A4}.Release|x86.Build.0 = Release|Any CPU
		{88976614-D7F2-4835-8E70-6D76185C5D21}.Debug|Any CPU.ActiveCfg = Debug|Any CPU
		{88976614-D7F2-4835-8E70-6D76185C5D21}.Debug|Any CPU.Build.0 = Debug|Any CPU
		{88976614-D7F2-4835-8E70-6D76185C5D21}.Debug|x64.ActiveCfg = Debug|Any CPU
		{88976614-D7F2-4835-8E70-6D76185C5D21}.Debug|x64.Build.0 = Debug|Any CPU
		{88976614-D7F2-4835-8E70-6D76185C5D21}.Debug|x86.ActiveCfg = Debug|Any CPU
		{88976614-D7F2-4835-8E70-6D76185C5D21}.Debug|x86.Build.0 = Debug|Any CPU
		{88976614-D7F2-4835-8E70-6D76185C5D21}.Release|Any CPU.ActiveCfg = Release|Any CPU
		{88976614-D7F2-4835-8E70-6D76185C5D21}.Release|Any CPU.Build.0 = Release|Any CPU
		{88976614-D7F2-4835-8E70-6D76185C5D21}.Release|x64.ActiveCfg = Release|Any CPU
		{88976614-D7F2-4835-8E70-6D76185C5D21}.Release|x64.Build.0 = Release|Any CPU
		{88976614-D7F2-4835-8E70-6D76185C5D21}.Release|x86.ActiveCfg = Release|Any CPU
		{88976614-D7F2-4835-8E70-6D76185C5D21}.Release|x86.Build.0 = Release|Any CPU
		{0E29C852-36AE-4030-856C-F310F33312BE}.Debug|Any CPU.ActiveCfg = Debug|Any CPU
		{0E29C852-36AE-4030-856C-F310F33312BE}.Debug|Any CPU.Build.0 = Debug|Any CPU
		{0E29C852-36AE-4030-856C-F310F33312BE}.Debug|x64.ActiveCfg = Debug|Any CPU
		{0E29C852-36AE-4030-856C-F310F33312BE}.Debug|x64.Build.0 = Debug|Any CPU
		{0E29C852-36AE-4030-856C-F310F33312BE}.Debug|x86.ActiveCfg = Debug|Any CPU
		{0E29C852-36AE-4030-856C-F310F33312BE}.Debug|x86.Build.0 = Debug|Any CPU
		{0E29C852-36AE-4030-856C-F310F33312BE}.Release|Any CPU.ActiveCfg = Release|Any CPU
		{0E29C852-36AE-4030-856C-F310F33312BE}.Release|Any CPU.Build.0 = Release|Any CPU
		{0E29C852-36AE-4030-856C-F310F33312BE}.Release|x64.ActiveCfg = Release|Any CPU
		{0E29C852-36AE-4030-856C-F310F33312BE}.Release|x64.Build.0 = Release|Any CPU
		{0E29C852-36AE-4030-856C-F310F33312BE}.Release|x86.ActiveCfg = Release|Any CPU
		{0E29C852-36AE-4030-856C-F310F33312BE}.Release|x86.Build.0 = Release|Any CPU
		{25F3E7FA-4AE0-40E8-AB27-3B1513DCC330}.Debug|Any CPU.ActiveCfg = Debug|Any CPU
		{25F3E7FA-4AE0-40E8-AB27-3B1513DCC330}.Debug|Any CPU.Build.0 = Debug|Any CPU
		{25F3E7FA-4AE0-40E8-AB27-3B1513DCC330}.Debug|x64.ActiveCfg = Debug|Any CPU
		{25F3E7FA-4AE0-40E8-AB27-3B1513DCC330}.Debug|x64.Build.0 = Debug|Any CPU
		{25F3E7FA-4AE0-40E8-AB27-3B1513DCC330}.Debug|x86.ActiveCfg = Debug|Any CPU
		{25F3E7FA-4AE0-40E8-AB27-3B1513DCC330}.Debug|x86.Build.0 = Debug|Any CPU
		{25F3E7FA-4AE0-40E8-AB27-3B1513DCC330}.Release|Any CPU.ActiveCfg = Release|Any CPU
		{25F3E7FA-4AE0-40E8-AB27-3B1513DCC330}.Release|Any CPU.Build.0 = Release|Any CPU
		{25F3E7FA-4AE0-40E8-AB27-3B1513DCC330}.Release|x64.ActiveCfg = Release|Any CPU
		{25F3E7FA-4AE0-40E8-AB27-3B1513DCC330}.Release|x64.Build.0 = Release|Any CPU
		{25F3E7FA-4AE0-40E8-AB27-3B1513DCC330}.Release|x86.ActiveCfg = Release|Any CPU
		{25F3E7FA-4AE0-40E8-AB27-3B1513DCC330}.Release|x86.Build.0 = Release|Any CPU
		{BC040AD2-91FA-4027-B4B4-79A883D59DE6}.Debug|Any CPU.ActiveCfg = Debug|Any CPU
		{BC040AD2-91FA-4027-B4B4-79A883D59DE6}.Debug|Any CPU.Build.0 = Debug|Any CPU
		{BC040AD2-91FA-4027-B4B4-79A883D59DE6}.Debug|x64.ActiveCfg = Debug|Any CPU
		{BC040AD2-91FA-4027-B4B4-79A883D59DE6}.Debug|x64.Build.0 = Debug|Any CPU
		{BC040AD2-91FA-4027-B4B4-79A883D59DE6}.Debug|x86.ActiveCfg = Debug|Any CPU
		{BC040AD2-91FA-4027-B4B4-79A883D59DE6}.Debug|x86.Build.0 = Debug|Any CPU
		{BC040AD2-91FA-4027-B4B4-79A883D59DE6}.Release|Any CPU.ActiveCfg = Release|Any CPU
		{BC040AD2-91FA-4027-B4B4-79A883D59DE6}.Release|Any CPU.Build.0 = Release|Any CPU
		{BC040AD2-91FA-4027-B4B4-79A883D59DE6}.Release|x64.ActiveCfg = Release|Any CPU
		{BC040AD2-91FA-4027-B4B4-79A883D59DE6}.Release|x64.Build.0 = Release|Any CPU
		{BC040AD2-91FA-4027-B4B4-79A883D59DE6}.Release|x86.ActiveCfg = Release|Any CPU
		{BC040AD2-91FA-4027-B4B4-79A883D59DE6}.Release|x86.Build.0 = Release|Any CPU
		{F32A270D-DE61-4970-AFC0-FB125721E025}.Debug|Any CPU.ActiveCfg = Debug|Any CPU
		{F32A270D-DE61-4970-AFC0-FB125721E025}.Debug|Any CPU.Build.0 = Debug|Any CPU
		{F32A270D-DE61-4970-AFC0-FB125721E025}.Debug|x64.ActiveCfg = Debug|Any CPU
		{F32A270D-DE61-4970-AFC0-FB125721E025}.Debug|x64.Build.0 = Debug|Any CPU
		{F32A270D-DE61-4970-AFC0-FB125721E025}.Debug|x86.ActiveCfg = Debug|Any CPU
		{F32A270D-DE61-4970-AFC0-FB125721E025}.Debug|x86.Build.0 = Debug|Any CPU
		{F32A270D-DE61-4970-AFC0-FB125721E025}.Release|Any CPU.ActiveCfg = Release|Any CPU
		{F32A270D-DE61-4970-AFC0-FB125721E025}.Release|Any CPU.Build.0 = Release|Any CPU
		{F32A270D-DE61-4970-AFC0-FB125721E025}.Release|x64.ActiveCfg = Release|Any CPU
		{F32A270D-DE61-4970-AFC0-FB125721E025}.Release|x64.Build.0 = Release|Any CPU
		{F32A270D-DE61-4970-AFC0-FB125721E025}.Release|x86.ActiveCfg = Release|Any CPU
		{F32A270D-DE61-4970-AFC0-FB125721E025}.Release|x86.Build.0 = Release|Any CPU
		{D23CDD80-67C5-4DD7-A271-256ABEEC9455}.Debug|Any CPU.ActiveCfg = Debug|Any CPU
		{D23CDD80-67C5-4DD7-A271-256ABEEC9455}.Debug|Any CPU.Build.0 = Debug|Any CPU
		{D23CDD80-67C5-4DD7-A271-256ABEEC9455}.Debug|x64.ActiveCfg = Debug|Any CPU
		{D23CDD80-67C5-4DD7-A271-256ABEEC9455}.Debug|x64.Build.0 = Debug|Any CPU
		{D23CDD80-67C5-4DD7-A271-256ABEEC9455}.Debug|x86.ActiveCfg = Debug|Any CPU
		{D23CDD80-67C5-4DD7-A271-256ABEEC9455}.Debug|x86.Build.0 = Debug|Any CPU
		{D23CDD80-67C5-4DD7-A271-256ABEEC9455}.Release|Any CPU.ActiveCfg = Release|Any CPU
		{D23CDD80-67C5-4DD7-A271-256ABEEC9455}.Release|Any CPU.Build.0 = Release|Any CPU
		{D23CDD80-67C5-4DD7-A271-256ABEEC9455}.Release|x64.ActiveCfg = Release|Any CPU
		{D23CDD80-67C5-4DD7-A271-256ABEEC9455}.Release|x64.Build.0 = Release|Any CPU
		{D23CDD80-67C5-4DD7-A271-256ABEEC9455}.Release|x86.ActiveCfg = Release|Any CPU
		{D23CDD80-67C5-4DD7-A271-256ABEEC9455}.Release|x86.Build.0 = Release|Any CPU
		{C8DC9D14-3B51-4CB8-9077-A62F39039DCB}.Debug|Any CPU.ActiveCfg = Debug|Any CPU
		{C8DC9D14-3B51-4CB8-9077-A62F39039DCB}.Debug|Any CPU.Build.0 = Debug|Any CPU
		{C8DC9D14-3B51-4CB8-9077-A62F39039DCB}.Debug|x64.ActiveCfg = Debug|Any CPU
		{C8DC9D14-3B51-4CB8-9077-A62F39039DCB}.Debug|x64.Build.0 = Debug|Any CPU
		{C8DC9D14-3B51-4CB8-9077-A62F39039DCB}.Debug|x86.ActiveCfg = Debug|Any CPU
		{C8DC9D14-3B51-4CB8-9077-A62F39039DCB}.Debug|x86.Build.0 = Debug|Any CPU
		{C8DC9D14-3B51-4CB8-9077-A62F39039DCB}.Release|Any CPU.ActiveCfg = Release|Any CPU
		{C8DC9D14-3B51-4CB8-9077-A62F39039DCB}.Release|Any CPU.Build.0 = Release|Any CPU
		{C8DC9D14-3B51-4CB8-9077-A62F39039DCB}.Release|x64.ActiveCfg = Release|Any CPU
		{C8DC9D14-3B51-4CB8-9077-A62F39039DCB}.Release|x64.Build.0 = Release|Any CPU
		{C8DC9D14-3B51-4CB8-9077-A62F39039DCB}.Release|x86.ActiveCfg = Release|Any CPU
		{C8DC9D14-3B51-4CB8-9077-A62F39039DCB}.Release|x86.Build.0 = Release|Any CPU
		{991D5B0A-2F6A-4C23-9DB7-348EE72FB1FA}.Debug|Any CPU.ActiveCfg = Debug|Any CPU
		{991D5B0A-2F6A-4C23-9DB7-348EE72FB1FA}.Debug|Any CPU.Build.0 = Debug|Any CPU
		{991D5B0A-2F6A-4C23-9DB7-348EE72FB1FA}.Debug|x64.ActiveCfg = Debug|Any CPU
		{991D5B0A-2F6A-4C23-9DB7-348EE72FB1FA}.Debug|x64.Build.0 = Debug|Any CPU
		{991D5B0A-2F6A-4C23-9DB7-348EE72FB1FA}.Debug|x86.ActiveCfg = Debug|Any CPU
		{991D5B0A-2F6A-4C23-9DB7-348EE72FB1FA}.Debug|x86.Build.0 = Debug|Any CPU
		{991D5B0A-2F6A-4C23-9DB7-348EE72FB1FA}.Release|Any CPU.ActiveCfg = Release|Any CPU
		{991D5B0A-2F6A-4C23-9DB7-348EE72FB1FA}.Release|Any CPU.Build.0 = Release|Any CPU
		{991D5B0A-2F6A-4C23-9DB7-348EE72FB1FA}.Release|x64.ActiveCfg = Release|Any CPU
		{991D5B0A-2F6A-4C23-9DB7-348EE72FB1FA}.Release|x64.Build.0 = Release|Any CPU
		{991D5B0A-2F6A-4C23-9DB7-348EE72FB1FA}.Release|x86.ActiveCfg = Release|Any CPU
		{991D5B0A-2F6A-4C23-9DB7-348EE72FB1FA}.Release|x86.Build.0 = Release|Any CPU
		{021FD905-ADBB-4CFA-BDA5-DF37D07E3067}.Debug|Any CPU.ActiveCfg = Debug|Any CPU
		{021FD905-ADBB-4CFA-BDA5-DF37D07E3067}.Debug|Any CPU.Build.0 = Debug|Any CPU
		{021FD905-ADBB-4CFA-BDA5-DF37D07E3067}.Debug|x64.ActiveCfg = Debug|Any CPU
		{021FD905-ADBB-4CFA-BDA5-DF37D07E3067}.Debug|x64.Build.0 = Debug|Any CPU
		{021FD905-ADBB-4CFA-BDA5-DF37D07E3067}.Debug|x86.ActiveCfg = Debug|Any CPU
		{021FD905-ADBB-4CFA-BDA5-DF37D07E3067}.Debug|x86.Build.0 = Debug|Any CPU
		{021FD905-ADBB-4CFA-BDA5-DF37D07E3067}.Release|Any CPU.ActiveCfg = Release|Any CPU
		{021FD905-ADBB-4CFA-BDA5-DF37D07E3067}.Release|Any CPU.Build.0 = Release|Any CPU
		{021FD905-ADBB-4CFA-BDA5-DF37D07E3067}.Release|x64.ActiveCfg = Release|Any CPU
		{021FD905-ADBB-4CFA-BDA5-DF37D07E3067}.Release|x64.Build.0 = Release|Any CPU
		{021FD905-ADBB-4CFA-BDA5-DF37D07E3067}.Release|x86.ActiveCfg = Release|Any CPU
		{021FD905-ADBB-4CFA-BDA5-DF37D07E3067}.Release|x86.Build.0 = Release|Any CPU
		{D42B3C85-70F5-4B31-9E57-672DE8F9ECDD}.Debug|Any CPU.ActiveCfg = Debug|Any CPU
		{D42B3C85-70F5-4B31-9E57-672DE8F9ECDD}.Debug|Any CPU.Build.0 = Debug|Any CPU
		{D42B3C85-70F5-4B31-9E57-672DE8F9ECDD}.Debug|x64.ActiveCfg = Debug|Any CPU
		{D42B3C85-70F5-4B31-9E57-672DE8F9ECDD}.Debug|x64.Build.0 = Debug|Any CPU
		{D42B3C85-70F5-4B31-9E57-672DE8F9ECDD}.Debug|x86.ActiveCfg = Debug|Any CPU
		{D42B3C85-70F5-4B31-9E57-672DE8F9ECDD}.Debug|x86.Build.0 = Debug|Any CPU
		{D42B3C85-70F5-4B31-9E57-672DE8F9ECDD}.Release|Any CPU.ActiveCfg = Release|Any CPU
		{D42B3C85-70F5-4B31-9E57-672DE8F9ECDD}.Release|Any CPU.Build.0 = Release|Any CPU
		{D42B3C85-70F5-4B31-9E57-672DE8F9ECDD}.Release|x64.ActiveCfg = Release|Any CPU
		{D42B3C85-70F5-4B31-9E57-672DE8F9ECDD}.Release|x64.Build.0 = Release|Any CPU
		{D42B3C85-70F5-4B31-9E57-672DE8F9ECDD}.Release|x86.ActiveCfg = Release|Any CPU
		{D42B3C85-70F5-4B31-9E57-672DE8F9ECDD}.Release|x86.Build.0 = Release|Any CPU
		{BF822F8B-A217-4693-B992-FD2AD35D5439}.Debug|Any CPU.ActiveCfg = Debug|Any CPU
		{BF822F8B-A217-4693-B992-FD2AD35D5439}.Debug|Any CPU.Build.0 = Debug|Any CPU
		{BF822F8B-A217-4693-B992-FD2AD35D5439}.Debug|x64.ActiveCfg = Debug|Any CPU
		{BF822F8B-A217-4693-B992-FD2AD35D5439}.Debug|x64.Build.0 = Debug|Any CPU
		{BF822F8B-A217-4693-B992-FD2AD35D5439}.Debug|x86.ActiveCfg = Debug|Any CPU
		{BF822F8B-A217-4693-B992-FD2AD35D5439}.Debug|x86.Build.0 = Debug|Any CPU
		{BF822F8B-A217-4693-B992-FD2AD35D5439}.Release|Any CPU.ActiveCfg = Release|Any CPU
		{BF822F8B-A217-4693-B992-FD2AD35D5439}.Release|Any CPU.Build.0 = Release|Any CPU
		{BF822F8B-A217-4693-B992-FD2AD35D5439}.Release|x64.ActiveCfg = Release|Any CPU
		{BF822F8B-A217-4693-B992-FD2AD35D5439}.Release|x64.Build.0 = Release|Any CPU
		{BF822F8B-A217-4693-B992-FD2AD35D5439}.Release|x86.ActiveCfg = Release|Any CPU
		{BF822F8B-A217-4693-B992-FD2AD35D5439}.Release|x86.Build.0 = Release|Any CPU
		{03AFBC0F-6B9B-4BF8-B9E0-A7AA26DFDF40}.Debug|Any CPU.ActiveCfg = Debug|Any CPU
		{03AFBC0F-6B9B-4BF8-B9E0-A7AA26DFDF40}.Debug|Any CPU.Build.0 = Debug|Any CPU
		{03AFBC0F-6B9B-4BF8-B9E0-A7AA26DFDF40}.Debug|x64.ActiveCfg = Debug|Any CPU
		{03AFBC0F-6B9B-4BF8-B9E0-A7AA26DFDF40}.Debug|x64.Build.0 = Debug|Any CPU
		{03AFBC0F-6B9B-4BF8-B9E0-A7AA26DFDF40}.Debug|x86.ActiveCfg = Debug|Any CPU
		{03AFBC0F-6B9B-4BF8-B9E0-A7AA26DFDF40}.Debug|x86.Build.0 = Debug|Any CPU
		{03AFBC0F-6B9B-4BF8-B9E0-A7AA26DFDF40}.Release|Any CPU.ActiveCfg = Release|Any CPU
		{03AFBC0F-6B9B-4BF8-B9E0-A7AA26DFDF40}.Release|Any CPU.Build.0 = Release|Any CPU
		{03AFBC0F-6B9B-4BF8-B9E0-A7AA26DFDF40}.Release|x64.ActiveCfg = Release|Any CPU
		{03AFBC0F-6B9B-4BF8-B9E0-A7AA26DFDF40}.Release|x64.Build.0 = Release|Any CPU
		{03AFBC0F-6B9B-4BF8-B9E0-A7AA26DFDF40}.Release|x86.ActiveCfg = Release|Any CPU
		{03AFBC0F-6B9B-4BF8-B9E0-A7AA26DFDF40}.Release|x86.Build.0 = Release|Any CPU
		{5CB2D0EE-EFD2-4C8C-89F4-4303A603EAEE}.Debug|Any CPU.ActiveCfg = Debug|Any CPU
		{5CB2D0EE-EFD2-4C8C-89F4-4303A603EAEE}.Debug|Any CPU.Build.0 = Debug|Any CPU
		{5CB2D0EE-EFD2-4C8C-89F4-4303A603EAEE}.Debug|x64.ActiveCfg = Debug|Any CPU
		{5CB2D0EE-EFD2-4C8C-89F4-4303A603EAEE}.Debug|x64.Build.0 = Debug|Any CPU
		{5CB2D0EE-EFD2-4C8C-89F4-4303A603EAEE}.Debug|x86.ActiveCfg = Debug|Any CPU
		{5CB2D0EE-EFD2-4C8C-89F4-4303A603EAEE}.Debug|x86.Build.0 = Debug|Any CPU
		{5CB2D0EE-EFD2-4C8C-89F4-4303A603EAEE}.Release|Any CPU.ActiveCfg = Release|Any CPU
		{5CB2D0EE-EFD2-4C8C-89F4-4303A603EAEE}.Release|Any CPU.Build.0 = Release|Any CPU
		{5CB2D0EE-EFD2-4C8C-89F4-4303A603EAEE}.Release|x64.ActiveCfg = Release|Any CPU
		{5CB2D0EE-EFD2-4C8C-89F4-4303A603EAEE}.Release|x64.Build.0 = Release|Any CPU
		{5CB2D0EE-EFD2-4C8C-89F4-4303A603EAEE}.Release|x86.ActiveCfg = Release|Any CPU
		{5CB2D0EE-EFD2-4C8C-89F4-4303A603EAEE}.Release|x86.Build.0 = Release|Any CPU
		{8219B7F8-0582-4024-8E78-E17441664ACA}.Debug|Any CPU.ActiveCfg = Debug|Any CPU
		{8219B7F8-0582-4024-8E78-E17441664ACA}.Debug|Any CPU.Build.0 = Debug|Any CPU
		{8219B7F8-0582-4024-8E78-E17441664ACA}.Debug|x64.ActiveCfg = Debug|Any CPU
		{8219B7F8-0582-4024-8E78-E17441664ACA}.Debug|x64.Build.0 = Debug|Any CPU
		{8219B7F8-0582-4024-8E78-E17441664ACA}.Debug|x86.ActiveCfg = Debug|Any CPU
		{8219B7F8-0582-4024-8E78-E17441664ACA}.Debug|x86.Build.0 = Debug|Any CPU
		{8219B7F8-0582-4024-8E78-E17441664ACA}.Release|Any CPU.ActiveCfg = Release|Any CPU
		{8219B7F8-0582-4024-8E78-E17441664ACA}.Release|Any CPU.Build.0 = Release|Any CPU
		{8219B7F8-0582-4024-8E78-E17441664ACA}.Release|x64.ActiveCfg = Release|Any CPU
		{8219B7F8-0582-4024-8E78-E17441664ACA}.Release|x64.Build.0 = Release|Any CPU
		{8219B7F8-0582-4024-8E78-E17441664ACA}.Release|x86.ActiveCfg = Release|Any CPU
		{8219B7F8-0582-4024-8E78-E17441664ACA}.Release|x86.Build.0 = Release|Any CPU
		{6A8118F7-685C-4C84-8384-D2CEAC8E440C}.Debug|Any CPU.ActiveCfg = Debug|Any CPU
		{6A8118F7-685C-4C84-8384-D2CEAC8E440C}.Debug|Any CPU.Build.0 = Debug|Any CPU
		{6A8118F7-685C-4C84-8384-D2CEAC8E440C}.Debug|x64.ActiveCfg = Debug|Any CPU
		{6A8118F7-685C-4C84-8384-D2CEAC8E440C}.Debug|x64.Build.0 = Debug|Any CPU
		{6A8118F7-685C-4C84-8384-D2CEAC8E440C}.Debug|x86.ActiveCfg = Debug|Any CPU
		{6A8118F7-685C-4C84-8384-D2CEAC8E440C}.Debug|x86.Build.0 = Debug|Any CPU
		{6A8118F7-685C-4C84-8384-D2CEAC8E440C}.Release|Any CPU.ActiveCfg = Release|Any CPU
		{6A8118F7-685C-4C84-8384-D2CEAC8E440C}.Release|Any CPU.Build.0 = Release|Any CPU
		{6A8118F7-685C-4C84-8384-D2CEAC8E440C}.Release|x64.ActiveCfg = Release|Any CPU
		{6A8118F7-685C-4C84-8384-D2CEAC8E440C}.Release|x64.Build.0 = Release|Any CPU
		{6A8118F7-685C-4C84-8384-D2CEAC8E440C}.Release|x86.ActiveCfg = Release|Any CPU
		{6A8118F7-685C-4C84-8384-D2CEAC8E440C}.Release|x86.Build.0 = Release|Any CPU
		{9F53CADA-4A99-4DB7-88D4-D2D41663A539}.Debug|Any CPU.ActiveCfg = Debug|Any CPU
		{9F53CADA-4A99-4DB7-88D4-D2D41663A539}.Debug|Any CPU.Build.0 = Debug|Any CPU
		{9F53CADA-4A99-4DB7-88D4-D2D41663A539}.Debug|x64.ActiveCfg = Debug|Any CPU
		{9F53CADA-4A99-4DB7-88D4-D2D41663A539}.Debug|x64.Build.0 = Debug|Any CPU
		{9F53CADA-4A99-4DB7-88D4-D2D41663A539}.Debug|x86.ActiveCfg = Debug|Any CPU
		{9F53CADA-4A99-4DB7-88D4-D2D41663A539}.Debug|x86.Build.0 = Debug|Any CPU
		{9F53CADA-4A99-4DB7-88D4-D2D41663A539}.Release|Any CPU.ActiveCfg = Release|Any CPU
		{9F53CADA-4A99-4DB7-88D4-D2D41663A539}.Release|Any CPU.Build.0 = Release|Any CPU
		{9F53CADA-4A99-4DB7-88D4-D2D41663A539}.Release|x64.ActiveCfg = Release|Any CPU
		{9F53CADA-4A99-4DB7-88D4-D2D41663A539}.Release|x64.Build.0 = Release|Any CPU
		{9F53CADA-4A99-4DB7-88D4-D2D41663A539}.Release|x86.ActiveCfg = Release|Any CPU
		{9F53CADA-4A99-4DB7-88D4-D2D41663A539}.Release|x86.Build.0 = Release|Any CPU
		{043355F3-D944-4798-BCE0-23D6CEA62A69}.Debug|Any CPU.ActiveCfg = Debug|Any CPU
		{043355F3-D944-4798-BCE0-23D6CEA62A69}.Debug|Any CPU.Build.0 = Debug|Any CPU
		{043355F3-D944-4798-BCE0-23D6CEA62A69}.Debug|x64.ActiveCfg = Debug|Any CPU
		{043355F3-D944-4798-BCE0-23D6CEA62A69}.Debug|x64.Build.0 = Debug|Any CPU
		{043355F3-D944-4798-BCE0-23D6CEA62A69}.Debug|x86.ActiveCfg = Debug|Any CPU
		{043355F3-D944-4798-BCE0-23D6CEA62A69}.Debug|x86.Build.0 = Debug|Any CPU
		{043355F3-D944-4798-BCE0-23D6CEA62A69}.Release|Any CPU.ActiveCfg = Release|Any CPU
		{043355F3-D944-4798-BCE0-23D6CEA62A69}.Release|Any CPU.Build.0 = Release|Any CPU
		{043355F3-D944-4798-BCE0-23D6CEA62A69}.Release|x64.ActiveCfg = Release|Any CPU
		{043355F3-D944-4798-BCE0-23D6CEA62A69}.Release|x64.Build.0 = Release|Any CPU
		{043355F3-D944-4798-BCE0-23D6CEA62A69}.Release|x86.ActiveCfg = Release|Any CPU
		{043355F3-D944-4798-BCE0-23D6CEA62A69}.Release|x86.Build.0 = Release|Any CPU
	EndGlobalSection
	GlobalSection(SolutionProperties) = preSolution
		HideSolutionNode = FALSE
	EndGlobalSection
	GlobalSection(NestedProjects) = preSolution
		{E12E1760-3A26-4F87-86F1-A0003BFAC218} = {163194C2-04FF-4092-B1D1-A2055A374CAF}
		{2BAF4FFD-22F1-4753-B033-5A5B4DE22D56} = {163194C2-04FF-4092-B1D1-A2055A374CAF}
		{FAB2A2D7-1852-4AFE-B219-6BDDEBFF6FD0} = {2BAF4FFD-22F1-4753-B033-5A5B4DE22D56}
		{8D2177D6-731E-4965-AD9F-2223BE24A7B9} = {2BAF4FFD-22F1-4753-B033-5A5B4DE22D56}
		{FECF047C-DA65-4523-BB52-AA1AFA28D0D9} = {2BAF4FFD-22F1-4753-B033-5A5B4DE22D56}
		{CCE94632-D39E-4571-A17C-F501B6FDAADD} = {2BAF4FFD-22F1-4753-B033-5A5B4DE22D56}
		{71CBC9C3-3016-4F45-AFD3-10DE457175FB} = {2BAF4FFD-22F1-4753-B033-5A5B4DE22D56}
		{B4E79911-96B1-4165-B111-151C6691D59A} = {2BAF4FFD-22F1-4753-B033-5A5B4DE22D56}
		{9677ED2A-2A91-43CD-8735-3760D915EA54} = {163194C2-04FF-4092-B1D1-A2055A374CAF}
		{AD1F1226-CDFD-43CF-A678-E7C073A2C6A4} = {2BAF4FFD-22F1-4753-B033-5A5B4DE22D56}
		{EBF94752-B1EF-482F-A496-6F18ED991398} = {163194C2-04FF-4092-B1D1-A2055A374CAF}
		{88976614-D7F2-4835-8E70-6D76185C5D21} = {EBF94752-B1EF-482F-A496-6F18ED991398}
		{0E29C852-36AE-4030-856C-F310F33312BE} = {243E5404-2E6F-4FEA-86B7-96FC4338F505}
		{25F3E7FA-4AE0-40E8-AB27-3B1513DCC330} = {9CCBAC4E-5BAF-4D79-9322-939489230720}
		{BC040AD2-91FA-4027-B4B4-79A883D59DE6} = {9CCBAC4E-5BAF-4D79-9322-939489230720}
		{F32A270D-DE61-4970-AFC0-FB125721E025} = {243E5404-2E6F-4FEA-86B7-96FC4338F505}
		{9CCBAC4E-5BAF-4D79-9322-939489230720} = {243E5404-2E6F-4FEA-86B7-96FC4338F505}
		{58FA79F9-7163-4B5E-8838-86C5800A08B7} = {4A43C5D5-B6C0-42DF-9DE7-17FC01D927FF}
		{D23CDD80-67C5-4DD7-A271-256ABEEC9455} = {4A43C5D5-B6C0-42DF-9DE7-17FC01D927FF}
		{C8DC9D14-3B51-4CB8-9077-A62F39039DCB} = {4A43C5D5-B6C0-42DF-9DE7-17FC01D927FF}
		{991D5B0A-2F6A-4C23-9DB7-348EE72FB1FA} = {4A43C5D5-B6C0-42DF-9DE7-17FC01D927FF}
		{021FD905-ADBB-4CFA-BDA5-DF37D07E3067} = {4A43C5D5-B6C0-42DF-9DE7-17FC01D927FF}
		{D42B3C85-70F5-4B31-9E57-672DE8F9ECDD} = {58FA79F9-7163-4B5E-8838-86C5800A08B7}
		{BF822F8B-A217-4693-B992-FD2AD35D5439} = {80618842-C8F6-4333-9F0F-2156ECDF6B7A}
		{03AFBC0F-6B9B-4BF8-B9E0-A7AA26DFDF40} = {58FA79F9-7163-4B5E-8838-86C5800A08B7}
		{5CB2D0EE-EFD2-4C8C-89F4-4303A603EAEE} = {80618842-C8F6-4333-9F0F-2156ECDF6B7A}
		{80618842-C8F6-4333-9F0F-2156ECDF6B7A} = {58FA79F9-7163-4B5E-8838-86C5800A08B7}
		{1DAB73F0-1233-4AF1-A5E9-953569AE68E4} = {9698B67B-2D95-451F-A50D-BC0A8E27A1AE}
		{6A8118F7-685C-4C84-8384-D2CEAC8E440C} = {4A43C5D5-B6C0-42DF-9DE7-17FC01D927FF}
		{9F53CADA-4A99-4DB7-88D4-D2D41663A539} = {243E5404-2E6F-4FEA-86B7-96FC4338F505}
		{043355F3-D944-4798-BCE0-23D6CEA62A69} = {9CCBAC4E-5BAF-4D79-9322-939489230720}
	EndGlobalSection
	GlobalSection(ExtensibilityGlobals) = postSolution
		SolutionGuid = {65E29835-6B71-486D-82EF-456494F172D7}
	EndGlobalSection
EndGlobal
