
Microsoft Visual Studio Solution File, Format Version 12.00
# Visual Studio Version 16
VisualStudioVersion = 16.0.28922.388
MinimumVisualStudioVersion = 10.0.40219.1
Project("{9A19103F-16F7-4668-BE54-9A1E7A4F7556}") = "MaSch.Core", "src\Core\MaSch.Core.csproj", "{9CCAC5C5-7DF2-48A8-B6BA-9B726CA53E17}"
EndProject
Project("{9A19103F-16F7-4668-BE54-9A1E7A4F7556}") = "MaSch.Console", "src\Console\MaSch.Console.csproj", "{88DA44BA-C343-4E4D-99D1-6D8450E76B67}"
EndProject
Project("{9A19103F-16F7-4668-BE54-9A1E7A4F7556}") = "MaSch.Console.Cli", "src\Console.Cli\MaSch.Console.Cli.csproj", "{42A5E89E-FD5A-4387-81E2-9BB2F0D8E239}"
EndProject
Project("{9A19103F-16F7-4668-BE54-9A1E7A4F7556}") = "MaSch.Core.DataAnnotation", "src\Core.DataAnnotation\MaSch.Core.DataAnnotation.csproj", "{0E10D339-2036-4AED-BC50-73A267A33D05}"
EndProject
Project("{9A19103F-16F7-4668-BE54-9A1E7A4F7556}") = "MaSch.Core.EventLogging", "src\Core.EventLogging\MaSch.Core.EventLogging.csproj", "{EE2D15F4-6D1F-4F2C-9CD9-78C65020C6DE}"
EndProject
Project("{9A19103F-16F7-4668-BE54-9A1E7A4F7556}") = "MaSch.Data", "src\Data\MaSch.Data.csproj", "{F4000BEE-F54A-4A93-B3E4-AE56FDE5B59B}"
EndProject
Project("{9A19103F-16F7-4668-BE54-9A1E7A4F7556}") = "MaSch.Generators", "src\Generators\MaSch.Generators.csproj", "{3411BC15-DE05-444C-B09C-110ED7312A30}"
EndProject
Project("{9A19103F-16F7-4668-BE54-9A1E7A4F7556}") = "MaSch.Native.Windows", "src\Native.Windows\MaSch.Native.Windows.csproj", "{1A5DF380-A312-40E7-BE0F-21D8DEF31A2D}"
EndProject
Project("{9A19103F-16F7-4668-BE54-9A1E7A4F7556}") = "MaSch.Presentation", "src\Presentation\MaSch.Presentation.csproj", "{E12E1760-3A26-4F87-86F1-A0003BFAC218}"
EndProject
Project("{2150E333-8FDC-42A3-9474-1A3956D46DE8}") = "Presentation", "Presentation", "{163194C2-04FF-4092-B1D1-A2055A374CAF}"
EndProject
Project("{2150E333-8FDC-42A3-9474-1A3956D46DE8}") = "Wpf", "Wpf", "{2BAF4FFD-22F1-4753-B033-5A5B4DE22D56}"
EndProject
Project("{9A19103F-16F7-4668-BE54-9A1E7A4F7556}") = "MaSch.Presentation.Wpf", "src\Presentation.Wpf\MaSch.Presentation.Wpf.csproj", "{FAB2A2D7-1852-4AFE-B219-6BDDEBFF6FD0}"
EndProject
Project("{9A19103F-16F7-4668-BE54-9A1E7A4F7556}") = "MaSch.Presentation.Wpf.Controls", "src\Presentation.Wpf.Controls\MaSch.Presentation.Wpf.Controls.csproj", "{8D2177D6-731E-4965-AD9F-2223BE24A7B9}"
EndProject
Project("{9A19103F-16F7-4668-BE54-9A1E7A4F7556}") = "MaSch.Presentation.Wpf.MaterialDesign", "src\Presentation.Wpf.MaterialDesign\MaSch.Presentation.Wpf.MaterialDesign.csproj", "{FECF047C-DA65-4523-BB52-AA1AFA28D0D9}"
EndProject
Project("{9A19103F-16F7-4668-BE54-9A1E7A4F7556}") = "MaSch.Presentation.Wpf.Prism", "src\Presentation.Wpf.Prism\MaSch.Presentation.Wpf.Prism.csproj", "{CCE94632-D39E-4571-A17C-F501B6FDAADD}"
EndProject
Project("{9A19103F-16F7-4668-BE54-9A1E7A4F7556}") = "MaSch.Presentation.Wpf.Themes", "src\Presentation.Wpf.Themes\MaSch.Presentation.Wpf.Themes.csproj", "{71CBC9C3-3016-4F45-AFD3-10DE457175FB}"
EndProject
Project("{9A19103F-16F7-4668-BE54-9A1E7A4F7556}") = "MaSch.Presentation.Wpf.Win10", "src\Presentation.Wpf.Win10\MaSch.Presentation.Wpf.Win10.csproj", "{B4E79911-96B1-4165-B111-151C6691D59A}"
EndProject
Project("{2150E333-8FDC-42A3-9474-1A3956D46DE8}") = "T4", "T4", "{6BD2E163-C4E4-4071-979D-6E1162B69A73}"
	ProjectSection(SolutionItems) = preProject
		src\T4\IconFontCssToEnum.ttinclude = src\T4\IconFontCssToEnum.ttinclude
		src\T4\T4Common.ttinclude = src\T4\T4Common.ttinclude
	EndProjectSection
EndProject
Project("{2150E333-8FDC-42A3-9474-1A3956D46DE8}") = "Test", "Test", "{243E5404-2E6F-4FEA-86B7-96FC4338F505}"
EndProject
Project("{9A19103F-16F7-4668-BE54-9A1E7A4F7556}") = "MaSch.Core.Test", "src\Test\Core.Test\MaSch.Core.Test.csproj", "{81A8C90A-F3BD-4613-AD39-381CB5723E7B}"
EndProject
Project("{9A19103F-16F7-4668-BE54-9A1E7A4F7556}") = "MaSch.Test.Components", "src\Test\Test.Components\MaSch.Test.Components.csproj", "{D7D7082D-5895-4AA2-AA14-943ABEB2B1CF}"
EndProject
Project("{9A19103F-16F7-4668-BE54-9A1E7A4F7556}") = "MaSch.Presentation.Wpf.Themes.Test", "src\Test\Presentation.Wpf.Themes.Test\MaSch.Presentation.Wpf.Themes.Test.csproj", "{B4973D14-1563-4BB4-9CE8-5EE8DE19F2B5}"
EndProject
Project("{2150E333-8FDC-42A3-9474-1A3956D46DE8}") = "build", "build", "{703BC87F-2F71-454A-93BA-014D78DF88C2}"
	ProjectSection(SolutionItems) = preProject
		build\build.yml = build\build.yml
		build\MaSch.props = build\MaSch.props
		build\MaSch.ruleset = build\MaSch.ruleset
		build\MaSch.Tests.ruleset = build\MaSch.Tests.ruleset
	EndProjectSection
EndProject
Project("{2150E333-8FDC-42A3-9474-1A3956D46DE8}") = "Solution Items", "Solution Items", "{1D724401-1149-4BB0-8648-E3D77879CFEA}"
	ProjectSection(SolutionItems) = preProject
		.editorconfig = .editorconfig
	EndProjectSection
EndProject
Project("{9A19103F-16F7-4668-BE54-9A1E7A4F7556}") = "MaSch.Update", "src\Update\MaSch.Update.csproj", "{80EE9BDD-F85F-4930-ACE8-1AB1690F59D0}"
EndProject
Global
	GlobalSection(SolutionConfigurationPlatforms) = preSolution
		Debug|Any CPU = Debug|Any CPU
		Debug|x64 = Debug|x64
		Debug|x86 = Debug|x86
		Release|Any CPU = Release|Any CPU
		Release|x64 = Release|x64
		Release|x86 = Release|x86
	EndGlobalSection
	GlobalSection(ProjectConfigurationPlatforms) = postSolution
		{9CCAC5C5-7DF2-48A8-B6BA-9B726CA53E17}.Debug|Any CPU.ActiveCfg = Debug|Any CPU
		{9CCAC5C5-7DF2-48A8-B6BA-9B726CA53E17}.Debug|Any CPU.Build.0 = Debug|Any CPU
		{9CCAC5C5-7DF2-48A8-B6BA-9B726CA53E17}.Debug|x64.ActiveCfg = Debug|x64
		{9CCAC5C5-7DF2-48A8-B6BA-9B726CA53E17}.Debug|x64.Build.0 = Debug|x64
		{9CCAC5C5-7DF2-48A8-B6BA-9B726CA53E17}.Debug|x86.ActiveCfg = Debug|x86
		{9CCAC5C5-7DF2-48A8-B6BA-9B726CA53E17}.Debug|x86.Build.0 = Debug|x86
		{9CCAC5C5-7DF2-48A8-B6BA-9B726CA53E17}.Release|Any CPU.ActiveCfg = Release|Any CPU
		{9CCAC5C5-7DF2-48A8-B6BA-9B726CA53E17}.Release|Any CPU.Build.0 = Release|Any CPU
		{9CCAC5C5-7DF2-48A8-B6BA-9B726CA53E17}.Release|x64.ActiveCfg = Release|x64
		{9CCAC5C5-7DF2-48A8-B6BA-9B726CA53E17}.Release|x64.Build.0 = Release|x64
		{9CCAC5C5-7DF2-48A8-B6BA-9B726CA53E17}.Release|x86.ActiveCfg = Release|x86
		{9CCAC5C5-7DF2-48A8-B6BA-9B726CA53E17}.Release|x86.Build.0 = Release|x86
		{88DA44BA-C343-4E4D-99D1-6D8450E76B67}.Debug|Any CPU.ActiveCfg = Debug|Any CPU
		{88DA44BA-C343-4E4D-99D1-6D8450E76B67}.Debug|Any CPU.Build.0 = Debug|Any CPU
		{88DA44BA-C343-4E4D-99D1-6D8450E76B67}.Debug|x64.ActiveCfg = Debug|Any CPU
		{88DA44BA-C343-4E4D-99D1-6D8450E76B67}.Debug|x64.Build.0 = Debug|Any CPU
		{88DA44BA-C343-4E4D-99D1-6D8450E76B67}.Debug|x86.ActiveCfg = Debug|Any CPU
		{88DA44BA-C343-4E4D-99D1-6D8450E76B67}.Debug|x86.Build.0 = Debug|Any CPU
		{88DA44BA-C343-4E4D-99D1-6D8450E76B67}.Release|Any CPU.ActiveCfg = Release|Any CPU
		{88DA44BA-C343-4E4D-99D1-6D8450E76B67}.Release|Any CPU.Build.0 = Release|Any CPU
		{88DA44BA-C343-4E4D-99D1-6D8450E76B67}.Release|x64.ActiveCfg = Release|Any CPU
		{88DA44BA-C343-4E4D-99D1-6D8450E76B67}.Release|x64.Build.0 = Release|Any CPU
		{88DA44BA-C343-4E4D-99D1-6D8450E76B67}.Release|x86.ActiveCfg = Release|Any CPU
		{88DA44BA-C343-4E4D-99D1-6D8450E76B67}.Release|x86.Build.0 = Release|Any CPU
		{42A5E89E-FD5A-4387-81E2-9BB2F0D8E239}.Debug|Any CPU.ActiveCfg = Debug|Any CPU
		{42A5E89E-FD5A-4387-81E2-9BB2F0D8E239}.Debug|Any CPU.Build.0 = Debug|Any CPU
		{42A5E89E-FD5A-4387-81E2-9BB2F0D8E239}.Debug|x64.ActiveCfg = Debug|Any CPU
		{42A5E89E-FD5A-4387-81E2-9BB2F0D8E239}.Debug|x64.Build.0 = Debug|Any CPU
		{42A5E89E-FD5A-4387-81E2-9BB2F0D8E239}.Debug|x86.ActiveCfg = Debug|Any CPU
		{42A5E89E-FD5A-4387-81E2-9BB2F0D8E239}.Debug|x86.Build.0 = Debug|Any CPU
		{42A5E89E-FD5A-4387-81E2-9BB2F0D8E239}.Release|Any CPU.ActiveCfg = Release|Any CPU
		{42A5E89E-FD5A-4387-81E2-9BB2F0D8E239}.Release|Any CPU.Build.0 = Release|Any CPU
		{42A5E89E-FD5A-4387-81E2-9BB2F0D8E239}.Release|x64.ActiveCfg = Release|Any CPU
		{42A5E89E-FD5A-4387-81E2-9BB2F0D8E239}.Release|x64.Build.0 = Release|Any CPU
		{42A5E89E-FD5A-4387-81E2-9BB2F0D8E239}.Release|x86.ActiveCfg = Release|Any CPU
		{42A5E89E-FD5A-4387-81E2-9BB2F0D8E239}.Release|x86.Build.0 = Release|Any CPU
		{0E10D339-2036-4AED-BC50-73A267A33D05}.Debug|Any CPU.ActiveCfg = Debug|Any CPU
		{0E10D339-2036-4AED-BC50-73A267A33D05}.Debug|Any CPU.Build.0 = Debug|Any CPU
		{0E10D339-2036-4AED-BC50-73A267A33D05}.Debug|x64.ActiveCfg = Debug|x64
		{0E10D339-2036-4AED-BC50-73A267A33D05}.Debug|x64.Build.0 = Debug|x64
		{0E10D339-2036-4AED-BC50-73A267A33D05}.Debug|x86.ActiveCfg = Debug|x86
		{0E10D339-2036-4AED-BC50-73A267A33D05}.Debug|x86.Build.0 = Debug|x86
		{0E10D339-2036-4AED-BC50-73A267A33D05}.Release|Any CPU.ActiveCfg = Release|Any CPU
		{0E10D339-2036-4AED-BC50-73A267A33D05}.Release|Any CPU.Build.0 = Release|Any CPU
		{0E10D339-2036-4AED-BC50-73A267A33D05}.Release|x64.ActiveCfg = Release|x64
		{0E10D339-2036-4AED-BC50-73A267A33D05}.Release|x64.Build.0 = Release|x64
		{0E10D339-2036-4AED-BC50-73A267A33D05}.Release|x86.ActiveCfg = Release|x86
		{0E10D339-2036-4AED-BC50-73A267A33D05}.Release|x86.Build.0 = Release|x86
		{EE2D15F4-6D1F-4F2C-9CD9-78C65020C6DE}.Debug|Any CPU.ActiveCfg = Debug|Any CPU
		{EE2D15F4-6D1F-4F2C-9CD9-78C65020C6DE}.Debug|Any CPU.Build.0 = Debug|Any CPU
		{EE2D15F4-6D1F-4F2C-9CD9-78C65020C6DE}.Debug|x64.ActiveCfg = Debug|Any CPU
		{EE2D15F4-6D1F-4F2C-9CD9-78C65020C6DE}.Debug|x64.Build.0 = Debug|Any CPU
		{EE2D15F4-6D1F-4F2C-9CD9-78C65020C6DE}.Debug|x86.ActiveCfg = Debug|Any CPU
		{EE2D15F4-6D1F-4F2C-9CD9-78C65020C6DE}.Debug|x86.Build.0 = Debug|Any CPU
		{EE2D15F4-6D1F-4F2C-9CD9-78C65020C6DE}.Release|Any CPU.ActiveCfg = Release|Any CPU
		{EE2D15F4-6D1F-4F2C-9CD9-78C65020C6DE}.Release|Any CPU.Build.0 = Release|Any CPU
		{EE2D15F4-6D1F-4F2C-9CD9-78C65020C6DE}.Release|x64.ActiveCfg = Release|Any CPU
		{EE2D15F4-6D1F-4F2C-9CD9-78C65020C6DE}.Release|x64.Build.0 = Release|Any CPU
		{EE2D15F4-6D1F-4F2C-9CD9-78C65020C6DE}.Release|x86.ActiveCfg = Release|Any CPU
		{EE2D15F4-6D1F-4F2C-9CD9-78C65020C6DE}.Release|x86.Build.0 = Release|Any CPU
		{F4000BEE-F54A-4A93-B3E4-AE56FDE5B59B}.Debug|Any CPU.ActiveCfg = Debug|Any CPU
		{F4000BEE-F54A-4A93-B3E4-AE56FDE5B59B}.Debug|Any CPU.Build.0 = Debug|Any CPU
		{F4000BEE-F54A-4A93-B3E4-AE56FDE5B59B}.Debug|x64.ActiveCfg = Debug|Any CPU
		{F4000BEE-F54A-4A93-B3E4-AE56FDE5B59B}.Debug|x64.Build.0 = Debug|Any CPU
		{F4000BEE-F54A-4A93-B3E4-AE56FDE5B59B}.Debug|x86.ActiveCfg = Debug|Any CPU
		{F4000BEE-F54A-4A93-B3E4-AE56FDE5B59B}.Debug|x86.Build.0 = Debug|Any CPU
		{F4000BEE-F54A-4A93-B3E4-AE56FDE5B59B}.Release|Any CPU.ActiveCfg = Release|Any CPU
		{F4000BEE-F54A-4A93-B3E4-AE56FDE5B59B}.Release|Any CPU.Build.0 = Release|Any CPU
		{F4000BEE-F54A-4A93-B3E4-AE56FDE5B59B}.Release|x64.ActiveCfg = Release|Any CPU
		{F4000BEE-F54A-4A93-B3E4-AE56FDE5B59B}.Release|x64.Build.0 = Release|Any CPU
		{F4000BEE-F54A-4A93-B3E4-AE56FDE5B59B}.Release|x86.ActiveCfg = Release|Any CPU
		{F4000BEE-F54A-4A93-B3E4-AE56FDE5B59B}.Release|x86.Build.0 = Release|Any CPU
		{3411BC15-DE05-444C-B09C-110ED7312A30}.Debug|Any CPU.ActiveCfg = Debug|Any CPU
		{3411BC15-DE05-444C-B09C-110ED7312A30}.Debug|Any CPU.Build.0 = Debug|Any CPU
		{3411BC15-DE05-444C-B09C-110ED7312A30}.Debug|x64.ActiveCfg = Debug|x64
		{3411BC15-DE05-444C-B09C-110ED7312A30}.Debug|x64.Build.0 = Debug|x64
		{3411BC15-DE05-444C-B09C-110ED7312A30}.Debug|x86.ActiveCfg = Debug|x86
		{3411BC15-DE05-444C-B09C-110ED7312A30}.Debug|x86.Build.0 = Debug|x86
		{3411BC15-DE05-444C-B09C-110ED7312A30}.Release|Any CPU.ActiveCfg = Release|Any CPU
		{3411BC15-DE05-444C-B09C-110ED7312A30}.Release|Any CPU.Build.0 = Release|Any CPU
		{3411BC15-DE05-444C-B09C-110ED7312A30}.Release|x64.ActiveCfg = Release|x64
		{3411BC15-DE05-444C-B09C-110ED7312A30}.Release|x64.Build.0 = Release|x64
		{3411BC15-DE05-444C-B09C-110ED7312A30}.Release|x86.ActiveCfg = Release|x86
		{3411BC15-DE05-444C-B09C-110ED7312A30}.Release|x86.Build.0 = Release|x86
		{1A5DF380-A312-40E7-BE0F-21D8DEF31A2D}.Debug|Any CPU.ActiveCfg = Debug|Any CPU
		{1A5DF380-A312-40E7-BE0F-21D8DEF31A2D}.Debug|Any CPU.Build.0 = Debug|Any CPU
		{1A5DF380-A312-40E7-BE0F-21D8DEF31A2D}.Debug|x64.ActiveCfg = Debug|Any CPU
		{1A5DF380-A312-40E7-BE0F-21D8DEF31A2D}.Debug|x64.Build.0 = Debug|Any CPU
		{1A5DF380-A312-40E7-BE0F-21D8DEF31A2D}.Debug|x86.ActiveCfg = Debug|Any CPU
		{1A5DF380-A312-40E7-BE0F-21D8DEF31A2D}.Debug|x86.Build.0 = Debug|Any CPU
		{1A5DF380-A312-40E7-BE0F-21D8DEF31A2D}.Release|Any CPU.ActiveCfg = Release|Any CPU
		{1A5DF380-A312-40E7-BE0F-21D8DEF31A2D}.Release|Any CPU.Build.0 = Release|Any CPU
		{1A5DF380-A312-40E7-BE0F-21D8DEF31A2D}.Release|x64.ActiveCfg = Release|Any CPU
		{1A5DF380-A312-40E7-BE0F-21D8DEF31A2D}.Release|x64.Build.0 = Release|Any CPU
		{1A5DF380-A312-40E7-BE0F-21D8DEF31A2D}.Release|x86.ActiveCfg = Release|Any CPU
		{1A5DF380-A312-40E7-BE0F-21D8DEF31A2D}.Release|x86.Build.0 = Release|Any CPU
		{E12E1760-3A26-4F87-86F1-A0003BFAC218}.Debug|Any CPU.ActiveCfg = Debug|Any CPU
		{E12E1760-3A26-4F87-86F1-A0003BFAC218}.Debug|Any CPU.Build.0 = Debug|Any CPU
		{E12E1760-3A26-4F87-86F1-A0003BFAC218}.Debug|x64.ActiveCfg = Debug|x64
		{E12E1760-3A26-4F87-86F1-A0003BFAC218}.Debug|x64.Build.0 = Debug|x64
		{E12E1760-3A26-4F87-86F1-A0003BFAC218}.Debug|x86.ActiveCfg = Debug|x86
		{E12E1760-3A26-4F87-86F1-A0003BFAC218}.Debug|x86.Build.0 = Debug|x86
		{E12E1760-3A26-4F87-86F1-A0003BFAC218}.Release|Any CPU.ActiveCfg = Release|Any CPU
		{E12E1760-3A26-4F87-86F1-A0003BFAC218}.Release|Any CPU.Build.0 = Release|Any CPU
		{E12E1760-3A26-4F87-86F1-A0003BFAC218}.Release|x64.ActiveCfg = Release|x64
		{E12E1760-3A26-4F87-86F1-A0003BFAC218}.Release|x64.Build.0 = Release|x64
		{E12E1760-3A26-4F87-86F1-A0003BFAC218}.Release|x86.ActiveCfg = Release|x86
		{E12E1760-3A26-4F87-86F1-A0003BFAC218}.Release|x86.Build.0 = Release|x86
		{FAB2A2D7-1852-4AFE-B219-6BDDEBFF6FD0}.Debug|Any CPU.ActiveCfg = Debug|Any CPU
		{FAB2A2D7-1852-4AFE-B219-6BDDEBFF6FD0}.Debug|Any CPU.Build.0 = Debug|Any CPU
		{FAB2A2D7-1852-4AFE-B219-6BDDEBFF6FD0}.Debug|x64.ActiveCfg = Debug|x64
		{FAB2A2D7-1852-4AFE-B219-6BDDEBFF6FD0}.Debug|x64.Build.0 = Debug|x64
		{FAB2A2D7-1852-4AFE-B219-6BDDEBFF6FD0}.Debug|x86.ActiveCfg = Debug|x86
		{FAB2A2D7-1852-4AFE-B219-6BDDEBFF6FD0}.Debug|x86.Build.0 = Debug|x86
		{FAB2A2D7-1852-4AFE-B219-6BDDEBFF6FD0}.Release|Any CPU.ActiveCfg = Release|Any CPU
		{FAB2A2D7-1852-4AFE-B219-6BDDEBFF6FD0}.Release|Any CPU.Build.0 = Release|Any CPU
		{FAB2A2D7-1852-4AFE-B219-6BDDEBFF6FD0}.Release|x64.ActiveCfg = Release|x64
		{FAB2A2D7-1852-4AFE-B219-6BDDEBFF6FD0}.Release|x64.Build.0 = Release|x64
		{FAB2A2D7-1852-4AFE-B219-6BDDEBFF6FD0}.Release|x86.ActiveCfg = Release|x86
		{FAB2A2D7-1852-4AFE-B219-6BDDEBFF6FD0}.Release|x86.Build.0 = Release|x86
		{8D2177D6-731E-4965-AD9F-2223BE24A7B9}.Debug|Any CPU.ActiveCfg = Debug|Any CPU
		{8D2177D6-731E-4965-AD9F-2223BE24A7B9}.Debug|Any CPU.Build.0 = Debug|Any CPU
		{8D2177D6-731E-4965-AD9F-2223BE24A7B9}.Debug|x64.ActiveCfg = Debug|x64
		{8D2177D6-731E-4965-AD9F-2223BE24A7B9}.Debug|x64.Build.0 = Debug|x64
		{8D2177D6-731E-4965-AD9F-2223BE24A7B9}.Debug|x86.ActiveCfg = Debug|x86
		{8D2177D6-731E-4965-AD9F-2223BE24A7B9}.Debug|x86.Build.0 = Debug|x86
		{8D2177D6-731E-4965-AD9F-2223BE24A7B9}.Release|Any CPU.ActiveCfg = Release|Any CPU
		{8D2177D6-731E-4965-AD9F-2223BE24A7B9}.Release|Any CPU.Build.0 = Release|Any CPU
		{8D2177D6-731E-4965-AD9F-2223BE24A7B9}.Release|x64.ActiveCfg = Release|x64
		{8D2177D6-731E-4965-AD9F-2223BE24A7B9}.Release|x64.Build.0 = Release|x64
		{8D2177D6-731E-4965-AD9F-2223BE24A7B9}.Release|x86.ActiveCfg = Release|x86
		{8D2177D6-731E-4965-AD9F-2223BE24A7B9}.Release|x86.Build.0 = Release|x86
		{FECF047C-DA65-4523-BB52-AA1AFA28D0D9}.Debug|Any CPU.ActiveCfg = Debug|Any CPU
		{FECF047C-DA65-4523-BB52-AA1AFA28D0D9}.Debug|Any CPU.Build.0 = Debug|Any CPU
		{FECF047C-DA65-4523-BB52-AA1AFA28D0D9}.Debug|x64.ActiveCfg = Debug|x64
		{FECF047C-DA65-4523-BB52-AA1AFA28D0D9}.Debug|x64.Build.0 = Debug|x64
		{FECF047C-DA65-4523-BB52-AA1AFA28D0D9}.Debug|x86.ActiveCfg = Debug|x86
		{FECF047C-DA65-4523-BB52-AA1AFA28D0D9}.Debug|x86.Build.0 = Debug|x86
		{FECF047C-DA65-4523-BB52-AA1AFA28D0D9}.Release|Any CPU.ActiveCfg = Release|Any CPU
		{FECF047C-DA65-4523-BB52-AA1AFA28D0D9}.Release|Any CPU.Build.0 = Release|Any CPU
		{FECF047C-DA65-4523-BB52-AA1AFA28D0D9}.Release|x64.ActiveCfg = Release|x64
		{FECF047C-DA65-4523-BB52-AA1AFA28D0D9}.Release|x64.Build.0 = Release|x64
		{FECF047C-DA65-4523-BB52-AA1AFA28D0D9}.Release|x86.ActiveCfg = Release|x86
		{FECF047C-DA65-4523-BB52-AA1AFA28D0D9}.Release|x86.Build.0 = Release|x86
		{CCE94632-D39E-4571-A17C-F501B6FDAADD}.Debug|Any CPU.ActiveCfg = Debug|Any CPU
		{CCE94632-D39E-4571-A17C-F501B6FDAADD}.Debug|Any CPU.Build.0 = Debug|Any CPU
		{CCE94632-D39E-4571-A17C-F501B6FDAADD}.Debug|x64.ActiveCfg = Debug|Any CPU
		{CCE94632-D39E-4571-A17C-F501B6FDAADD}.Debug|x64.Build.0 = Debug|Any CPU
		{CCE94632-D39E-4571-A17C-F501B6FDAADD}.Debug|x86.ActiveCfg = Debug|Any CPU
		{CCE94632-D39E-4571-A17C-F501B6FDAADD}.Debug|x86.Build.0 = Debug|Any CPU
		{CCE94632-D39E-4571-A17C-F501B6FDAADD}.Release|Any CPU.ActiveCfg = Release|Any CPU
		{CCE94632-D39E-4571-A17C-F501B6FDAADD}.Release|Any CPU.Build.0 = Release|Any CPU
		{CCE94632-D39E-4571-A17C-F501B6FDAADD}.Release|x64.ActiveCfg = Release|Any CPU
		{CCE94632-D39E-4571-A17C-F501B6FDAADD}.Release|x64.Build.0 = Release|Any CPU
		{CCE94632-D39E-4571-A17C-F501B6FDAADD}.Release|x86.ActiveCfg = Release|Any CPU
		{CCE94632-D39E-4571-A17C-F501B6FDAADD}.Release|x86.Build.0 = Release|Any CPU
		{71CBC9C3-3016-4F45-AFD3-10DE457175FB}.Debug|Any CPU.ActiveCfg = Debug|Any CPU
		{71CBC9C3-3016-4F45-AFD3-10DE457175FB}.Debug|Any CPU.Build.0 = Debug|Any CPU
		{71CBC9C3-3016-4F45-AFD3-10DE457175FB}.Debug|x64.ActiveCfg = Debug|x64
		{71CBC9C3-3016-4F45-AFD3-10DE457175FB}.Debug|x64.Build.0 = Debug|x64
		{71CBC9C3-3016-4F45-AFD3-10DE457175FB}.Debug|x86.ActiveCfg = Debug|x86
		{71CBC9C3-3016-4F45-AFD3-10DE457175FB}.Debug|x86.Build.0 = Debug|x86
		{71CBC9C3-3016-4F45-AFD3-10DE457175FB}.Release|Any CPU.ActiveCfg = Release|Any CPU
		{71CBC9C3-3016-4F45-AFD3-10DE457175FB}.Release|Any CPU.Build.0 = Release|Any CPU
		{71CBC9C3-3016-4F45-AFD3-10DE457175FB}.Release|x64.ActiveCfg = Release|x64
		{71CBC9C3-3016-4F45-AFD3-10DE457175FB}.Release|x64.Build.0 = Release|x64
		{71CBC9C3-3016-4F45-AFD3-10DE457175FB}.Release|x86.ActiveCfg = Release|x86
		{71CBC9C3-3016-4F45-AFD3-10DE457175FB}.Release|x86.Build.0 = Release|x86
		{B4E79911-96B1-4165-B111-151C6691D59A}.Debug|Any CPU.ActiveCfg = Debug|Any CPU
		{B4E79911-96B1-4165-B111-151C6691D59A}.Debug|Any CPU.Build.0 = Debug|Any CPU
		{B4E79911-96B1-4165-B111-151C6691D59A}.Debug|x64.ActiveCfg = Debug|Any CPU
		{B4E79911-96B1-4165-B111-151C6691D59A}.Debug|x64.Build.0 = Debug|Any CPU
		{B4E79911-96B1-4165-B111-151C6691D59A}.Debug|x86.ActiveCfg = Debug|Any CPU
		{B4E79911-96B1-4165-B111-151C6691D59A}.Debug|x86.Build.0 = Debug|Any CPU
		{B4E79911-96B1-4165-B111-151C6691D59A}.Release|Any CPU.ActiveCfg = Release|Any CPU
		{B4E79911-96B1-4165-B111-151C6691D59A}.Release|Any CPU.Build.0 = Release|Any CPU
		{B4E79911-96B1-4165-B111-151C6691D59A}.Release|x64.ActiveCfg = Release|Any CPU
		{B4E79911-96B1-4165-B111-151C6691D59A}.Release|x64.Build.0 = Release|Any CPU
		{B4E79911-96B1-4165-B111-151C6691D59A}.Release|x86.ActiveCfg = Release|Any CPU
		{B4E79911-96B1-4165-B111-151C6691D59A}.Release|x86.Build.0 = Release|Any CPU
		{81A8C90A-F3BD-4613-AD39-381CB5723E7B}.Debug|Any CPU.ActiveCfg = Debug|Any CPU
		{81A8C90A-F3BD-4613-AD39-381CB5723E7B}.Debug|Any CPU.Build.0 = Debug|Any CPU
		{81A8C90A-F3BD-4613-AD39-381CB5723E7B}.Debug|x64.ActiveCfg = Debug|Any CPU
		{81A8C90A-F3BD-4613-AD39-381CB5723E7B}.Debug|x64.Build.0 = Debug|Any CPU
		{81A8C90A-F3BD-4613-AD39-381CB5723E7B}.Debug|x86.ActiveCfg = Debug|Any CPU
		{81A8C90A-F3BD-4613-AD39-381CB5723E7B}.Debug|x86.Build.0 = Debug|Any CPU
		{81A8C90A-F3BD-4613-AD39-381CB5723E7B}.Release|Any CPU.ActiveCfg = Release|Any CPU
		{81A8C90A-F3BD-4613-AD39-381CB5723E7B}.Release|Any CPU.Build.0 = Release|Any CPU
		{81A8C90A-F3BD-4613-AD39-381CB5723E7B}.Release|x64.ActiveCfg = Release|Any CPU
		{81A8C90A-F3BD-4613-AD39-381CB5723E7B}.Release|x64.Build.0 = Release|Any CPU
		{81A8C90A-F3BD-4613-AD39-381CB5723E7B}.Release|x86.ActiveCfg = Release|Any CPU
		{81A8C90A-F3BD-4613-AD39-381CB5723E7B}.Release|x86.Build.0 = Release|Any CPU
		{D7D7082D-5895-4AA2-AA14-943ABEB2B1CF}.Debug|Any CPU.ActiveCfg = Debug|Any CPU
		{D7D7082D-5895-4AA2-AA14-943ABEB2B1CF}.Debug|Any CPU.Build.0 = Debug|Any CPU
		{D7D7082D-5895-4AA2-AA14-943ABEB2B1CF}.Debug|x64.ActiveCfg = Debug|Any CPU
		{D7D7082D-5895-4AA2-AA14-943ABEB2B1CF}.Debug|x64.Build.0 = Debug|Any CPU
		{D7D7082D-5895-4AA2-AA14-943ABEB2B1CF}.Debug|x86.ActiveCfg = Debug|Any CPU
		{D7D7082D-5895-4AA2-AA14-943ABEB2B1CF}.Debug|x86.Build.0 = Debug|Any CPU
		{D7D7082D-5895-4AA2-AA14-943ABEB2B1CF}.Release|Any CPU.ActiveCfg = Release|Any CPU
		{D7D7082D-5895-4AA2-AA14-943ABEB2B1CF}.Release|Any CPU.Build.0 = Release|Any CPU
		{D7D7082D-5895-4AA2-AA14-943ABEB2B1CF}.Release|x64.ActiveCfg = Release|Any CPU
		{D7D7082D-5895-4AA2-AA14-943ABEB2B1CF}.Release|x64.Build.0 = Release|Any CPU
		{D7D7082D-5895-4AA2-AA14-943ABEB2B1CF}.Release|x86.ActiveCfg = Release|Any CPU
		{D7D7082D-5895-4AA2-AA14-943ABEB2B1CF}.Release|x86.Build.0 = Release|Any CPU
		{B4973D14-1563-4BB4-9CE8-5EE8DE19F2B5}.Debug|Any CPU.ActiveCfg = Debug|Any CPU
		{B4973D14-1563-4BB4-9CE8-5EE8DE19F2B5}.Debug|Any CPU.Build.0 = Debug|Any CPU
		{B4973D14-1563-4BB4-9CE8-5EE8DE19F2B5}.Debug|x64.ActiveCfg = Debug|Any CPU
		{B4973D14-1563-4BB4-9CE8-5EE8DE19F2B5}.Debug|x64.Build.0 = Debug|Any CPU
		{B4973D14-1563-4BB4-9CE8-5EE8DE19F2B5}.Debug|x86.ActiveCfg = Debug|Any CPU
		{B4973D14-1563-4BB4-9CE8-5EE8DE19F2B5}.Debug|x86.Build.0 = Debug|Any CPU
		{B4973D14-1563-4BB4-9CE8-5EE8DE19F2B5}.Release|Any CPU.ActiveCfg = Release|Any CPU
		{B4973D14-1563-4BB4-9CE8-5EE8DE19F2B5}.Release|Any CPU.Build.0 = Release|Any CPU
		{B4973D14-1563-4BB4-9CE8-5EE8DE19F2B5}.Release|x64.ActiveCfg = Release|Any CPU
		{B4973D14-1563-4BB4-9CE8-5EE8DE19F2B5}.Release|x64.Build.0 = Release|Any CPU
		{B4973D14-1563-4BB4-9CE8-5EE8DE19F2B5}.Release|x86.ActiveCfg = Release|Any CPU
		{B4973D14-1563-4BB4-9CE8-5EE8DE19F2B5}.Release|x86.Build.0 = Release|Any CPU
		{80EE9BDD-F85F-4930-ACE8-1AB1690F59D0}.Debug|Any CPU.ActiveCfg = Debug|Any CPU
		{80EE9BDD-F85F-4930-ACE8-1AB1690F59D0}.Debug|Any CPU.Build.0 = Debug|Any CPU
		{80EE9BDD-F85F-4930-ACE8-1AB1690F59D0}.Debug|x64.ActiveCfg = Debug|Any CPU
		{80EE9BDD-F85F-4930-ACE8-1AB1690F59D0}.Debug|x64.Build.0 = Debug|Any CPU
		{80EE9BDD-F85F-4930-ACE8-1AB1690F59D0}.Debug|x86.ActiveCfg = Debug|Any CPU
		{80EE9BDD-F85F-4930-ACE8-1AB1690F59D0}.Debug|x86.Build.0 = Debug|Any CPU
		{80EE9BDD-F85F-4930-ACE8-1AB1690F59D0}.Release|Any CPU.ActiveCfg = Release|Any CPU
		{80EE9BDD-F85F-4930-ACE8-1AB1690F59D0}.Release|Any CPU.Build.0 = Release|Any CPU
		{80EE9BDD-F85F-4930-ACE8-1AB1690F59D0}.Release|x64.ActiveCfg = Release|Any CPU
		{80EE9BDD-F85F-4930-ACE8-1AB1690F59D0}.Release|x64.Build.0 = Release|Any CPU
		{80EE9BDD-F85F-4930-ACE8-1AB1690F59D0}.Release|x86.ActiveCfg = Release|Any CPU
		{80EE9BDD-F85F-4930-ACE8-1AB1690F59D0}.Release|x86.Build.0 = Release|Any CPU
	EndGlobalSection
	GlobalSection(SolutionProperties) = preSolution
		HideSolutionNode = FALSE
	EndGlobalSection
	GlobalSection(NestedProjects) = preSolution
		{E12E1760-3A26-4F87-86F1-A0003BFAC218} = {163194C2-04FF-4092-B1D1-A2055A374CAF}
		{2BAF4FFD-22F1-4753-B033-5A5B4DE22D56} = {163194C2-04FF-4092-B1D1-A2055A374CAF}
		{FAB2A2D7-1852-4AFE-B219-6BDDEBFF6FD0} = {2BAF4FFD-22F1-4753-B033-5A5B4DE22D56}
		{8D2177D6-731E-4965-AD9F-2223BE24A7B9} = {2BAF4FFD-22F1-4753-B033-5A5B4DE22D56}
		{FECF047C-DA65-4523-BB52-AA1AFA28D0D9} = {2BAF4FFD-22F1-4753-B033-5A5B4DE22D56}
		{CCE94632-D39E-4571-A17C-F501B6FDAADD} = {2BAF4FFD-22F1-4753-B033-5A5B4DE22D56}
		{71CBC9C3-3016-4F45-AFD3-10DE457175FB} = {2BAF4FFD-22F1-4753-B033-5A5B4DE22D56}
		{B4E79911-96B1-4165-B111-151C6691D59A} = {2BAF4FFD-22F1-4753-B033-5A5B4DE22D56}
		{81A8C90A-F3BD-4613-AD39-381CB5723E7B} = {243E5404-2E6F-4FEA-86B7-96FC4338F505}
		{D7D7082D-5895-4AA2-AA14-943ABEB2B1CF} = {243E5404-2E6F-4FEA-86B7-96FC4338F505}
		{B4973D14-1563-4BB4-9CE8-5EE8DE19F2B5} = {243E5404-2E6F-4FEA-86B7-96FC4338F505}
	EndGlobalSection
	GlobalSection(ExtensibilityGlobals) = postSolution
		SolutionGuid = {65E29835-6B71-486D-82EF-456494F172D7}
	EndGlobalSection
EndGlobal
